
Microsoft Visual Studio Solution File, Format Version 12.00
# Visual Studio Version 16
VisualStudioVersion = 16.0.28803.202
MinimumVisualStudioVersion = 10.0.40219.1
Project("{8BC9CEB8-8B4A-11D0-8D11-00A0C91BC942}") = "_001_Two_Sum", "_001_Two_Sum\_001_Two_Sum.vcxproj", "{82F0CC3A-050C-44F0-A21A-62AFBAF3C12A}"
EndProject
Project("{8BC9CEB8-8B4A-11D0-8D11-00A0C91BC942}") = "_007_Reverse_Integer", "_007_Reverse_Integer\_007_Reverse_Integer.vcxproj", "{646129A3-6640-4163-B61B-1A3C03A7E932}"
EndProject
Project("{8BC9CEB8-8B4A-11D0-8D11-00A0C91BC942}") = "_009_Palindrome_Number", "_009_Palindrome_Number\_009_Palindrome_Number.vcxproj", "{139FD685-CAA1-4B57-BABD-616EADC80B1D}"
EndProject
Project("{8BC9CEB8-8B4A-11D0-8D11-00A0C91BC942}") = "_013_Roman_To_Integer", "_013_Roman_To_Integer\_013_Roman_To_Integer.vcxproj", "{09F30F20-E9E6-4352-AA9F-9DC3BBEF16A1}"
EndProject
Project("{8BC9CEB8-8B4A-11D0-8D11-00A0C91BC942}") = "_014_Longest_Common_Prefix", "_014_Longest_Common_Prefix\_014_Longest_Common_Prefix.vcxproj", "{16DDCFC7-D37F-4A3B-BDF3-1EC26D9CCD50}"
EndProject
Project("{8BC9CEB8-8B4A-11D0-8D11-00A0C91BC942}") = "_020_Valid_Parentheses", "_020_Valid_Parentheses\_020_Valid_Parentheses.vcxproj", "{E480D7AD-07BD-4C19-8617-BD7B0FCB5EAB}"
EndProject
Project("{8BC9CEB8-8B4A-11D0-8D11-00A0C91BC942}") = "_021_Merge_Two_Sorted_Lists", "_021_Merge_Two_Sorted_Lists\_021_Merge_Two_Sorted_Lists.vcxproj", "{B5969C24-0123-49E5-8F3D-53B2F713AC1D}"
EndProject
Project("{8BC9CEB8-8B4A-11D0-8D11-00A0C91BC942}") = "_026_Remove_Duplicates_From_Sorted_Array", "_026_Remove_Duplicates_From_Sorted_Array\_026_Remove_Duplicates_From_Sorted_Array.vcxproj", "{129F48F5-673B-4726-A858-C81B0532EF07}"
EndProject
Project("{8BC9CEB8-8B4A-11D0-8D11-00A0C91BC942}") = "_027_Remove_Element", "_027_Remove_Element\_027_Remove_Element.vcxproj", "{114CC8AF-C4AC-4A3C-BFF0-639B36C6D9E2}"
EndProject
Project("{8BC9CEB8-8B4A-11D0-8D11-00A0C91BC942}") = "_028_Implement_strStr", "_028_Implement_strStr\_028_Implement_strStr.vcxproj", "{1DEDB645-2165-4287-BFEF-B8BE0E99B5EA}"
EndProject
Project("{8BC9CEB8-8B4A-11D0-8D11-00A0C91BC942}") = "_035_Search_Insert_Position", "_035_Search_Insert_Position\_035_Search_Insert_Position.vcxproj", "{94691247-9241-4A54-B374-EE4390A196D6}"
EndProject
Project("{8BC9CEB8-8B4A-11D0-8D11-00A0C91BC942}") = "_038_Count_And_Say", "_038_Count_And_Say\_038_Count_And_Say.vcxproj", "{DED891EE-F2FC-497D-9C4C-5C88B12935ED}"
EndProject
Project("{8BC9CEB8-8B4A-11D0-8D11-00A0C91BC942}") = "_053_Maximum_Subarray", "_053_Maximum_Subarray\_053_Maximum_Subarray.vcxproj", "{3D58E6E2-203A-43F8-98E2-AC580AE56D96}"
EndProject
Project("{8BC9CEB8-8B4A-11D0-8D11-00A0C91BC942}") = "_058_Length_Of_Last_Word", "_058_Length_Of_Last_Word\_058_Length_Of_Last_Word.vcxproj", "{795168FF-03C5-41CF-ADE7-01B054E9394D}"
EndProject
Project("{8BC9CEB8-8B4A-11D0-8D11-00A0C91BC942}") = "_066_Plus_One", "_066_Plus_One\_066_Plus_One.vcxproj", "{9DBC5990-92B7-478E-BD1D-B56E666DCE70}"
EndProject
Project("{8BC9CEB8-8B4A-11D0-8D11-00A0C91BC942}") = "_067_Add_Binary", "_067_Add_Binary\_067_Add_Binary.vcxproj", "{AE13C617-B2FE-4025-A330-69B91B9DB244}"
EndProject
Project("{8BC9CEB8-8B4A-11D0-8D11-00A0C91BC942}") = "_069_Sqrt", "_069_Sqrt\_069_Sqrt.vcxproj", "{49186499-F67F-4BA8-A543-9415FB7F8016}"
EndProject
Project("{8BC9CEB8-8B4A-11D0-8D11-00A0C91BC942}") = "_070_Climbing_Stairs", "_070_Climbing_Stairs\_070_Climbing_Stairs.vcxproj", "{A9885F6F-A888-4E3C-9C44-764BE12509DF}"
EndProject
Project("{8BC9CEB8-8B4A-11D0-8D11-00A0C91BC942}") = "_083_Remove_Duplicates_From_Sorted_List", "_083_Remove_Duplicates_From_Sorted_List\_083_Remove_Duplicates_From_Sorted_List.vcxproj", "{9F345268-ACC8-426E-84BE-08DA2075FBDA}"
EndProject
Project("{8BC9CEB8-8B4A-11D0-8D11-00A0C91BC942}") = "_088_Merge_Sorted_Array", "_088_Merge_Sorted_Array\_088_Merge_Sorted_Array.vcxproj", "{DFDDF553-F560-46EA-88F8-817B099E4DD2}"
EndProject
Project("{8BC9CEB8-8B4A-11D0-8D11-00A0C91BC942}") = "_100_Same_Tree", "_100_Same_Tree\_100_Same_Tree.vcxproj", "{C86A55ED-7389-4399-91A0-AEEC39E56AC5}"
EndProject
Project("{8BC9CEB8-8B4A-11D0-8D11-00A0C91BC942}") = "_101_Symmetric_Tree", "_101_Symmetric_Tree\_101_Symmetric_Tree.vcxproj", "{E6E8C5F3-02C7-43DD-A155-38FBF927705D}"
EndProject
Project("{8BC9CEB8-8B4A-11D0-8D11-00A0C91BC942}") = "_104_Maximum_Depth_Of_Binary_Tree", "_104_Maximum_Depth_Of_Binary_Tree\_104_Maximum_Depth_Of_Binary_Tree.vcxproj", "{02C2B18C-BE64-4D5B-81F7-9A0376B95B95}"
EndProject
Project("{8BC9CEB8-8B4A-11D0-8D11-00A0C91BC942}") = "_107_Binary_Tree_Level_Order_Traversal_II", "_107_Binary_Tree_Level_Order_Traversal_II\_107_Binary_Tree_Level_Order_Traversal_II.vcxproj", "{096B49AB-EF16-44F8-A421-E3790A99F0F2}"
EndProject
Project("{8BC9CEB8-8B4A-11D0-8D11-00A0C91BC942}") = "_108_Convert_Sorted_Array_To_Binary_Search_Tree", "_108_Convert_Sorted_Array_To_Binary_Search_Tree\_108_Convert_Sorted_Array_To_Binary_Search_Tree.vcxproj", "{5916C848-EBB5-4B78-98AB-C87BD8E386CA}"
EndProject
Project("{8BC9CEB8-8B4A-11D0-8D11-00A0C91BC942}") = "_110_Balanced_Binary_Tree", "_110_Balanced_Binary_Tree\_110_Balanced_Binary_Tree.vcxproj", "{1D897FF0-4868-47E0-B6A0-D49C9143CAAF}"
EndProject
Project("{8BC9CEB8-8B4A-11D0-8D11-00A0C91BC942}") = "_111_Minimum_Depth_Of_Binary_Tree", "_111_Minimum_Depth_Of_Binary_Tree\_111_Minimum_Depth_Of_Binary_Tree.vcxproj", "{A1CB4105-6ABF-4D6D-AB8F-525B106AEE0B}"
EndProject
Project("{8BC9CEB8-8B4A-11D0-8D11-00A0C91BC942}") = "_112_Path_Sum", "_112_Path_Sum\_112_Path_Sum.vcxproj", "{6B5E5A37-9C50-4EE1-9F83-368B15BEB577}"
EndProject
Project("{8BC9CEB8-8B4A-11D0-8D11-00A0C91BC942}") = "_118_Pascal_Triangle", "_118_Pascal_Triangle\_118_Pascal_Triangle.vcxproj", "{9388951E-6A46-47C7-B4E1-C7863F612E45}"
EndProject
Project("{8BC9CEB8-8B4A-11D0-8D11-00A0C91BC942}") = "_119_Pascal_Triangle__ii", "_119_Pascal_Triangle__ii\_119_Pascal_Triangle__ii.vcxproj", "{43E5CC20-4EAC-4A0A-9145-FD72E2C9193D}"
EndProject
Project("{8BC9CEB8-8B4A-11D0-8D11-00A0C91BC942}") = "_121_Best_Time_To_Buy_Sell_Stock", "_121_Best_Time_To_Buy_Sell_Stock\_121_Best_Time_To_Buy_Sell_Stock.vcxproj", "{9BFF1E15-D8B3-4964-B597-AA07BD1E31DC}"
EndProject
Project("{8BC9CEB8-8B4A-11D0-8D11-00A0C91BC942}") = "_122_Best_Time_To_Buy_Sell_Stock_ii", "_122_Best_Time_To_Buy_Sell_Stock_ii\_122_Best_Time_To_Buy_Sell_Stock_ii.vcxproj", "{C44A46A8-E7C2-4462-8643-5A760589F241}"
EndProject
Project("{8BC9CEB8-8B4A-11D0-8D11-00A0C91BC942}") = "_125_Valid_Palindrome", "_125_Valid_Palindrome\_125_Valid_Palindrome.vcxproj", "{340B0CCE-E374-4002-8F60-AADE1057E677}"
EndProject
Project("{8BC9CEB8-8B4A-11D0-8D11-00A0C91BC942}") = "_135_Single_Number", "_135_Single_Number\_135_Single_Number.vcxproj", "{592B088A-1EDE-4DDF-8222-68EAE69F621E}"
EndProject
Project("{8BC9CEB8-8B4A-11D0-8D11-00A0C91BC942}") = "_141_Linked_List_Cycle", "_141_Linked_List_Cycle\_141_Linked_List_Cycle.vcxproj", "{724B5F3E-B27A-41EE-8302-4ED473F5A457}"
EndProject
Project("{8BC9CEB8-8B4A-11D0-8D11-00A0C91BC942}") = "_155_Min_Stack", "_155_Min_Stack\_155_Min_Stack.vcxproj", "{7C7EA5A9-2D35-4780-B9A0-14C1D1D0C69C}"
EndProject
Project("{8BC9CEB8-8B4A-11D0-8D11-00A0C91BC942}") = "_160_Intersection_Of_Two_Linked_Lists", "_160_Intersection_Of_Two_Linked_Lists\_160_Intersection_Of_Two_Linked_Lists.vcxproj", "{7806A79B-19E0-4AB3-B2CE-F923FD47D91B}"
EndProject
Project("{8BC9CEB8-8B4A-11D0-8D11-00A0C91BC942}") = "_167_Two_Sum_II", "_167_Two_Sum_II\_167_Two_Sum_II.vcxproj", "{17FC0A54-1E76-432A-8B30-C3A9B5D9D966}"
EndProject
Project("{8BC9CEB8-8B4A-11D0-8D11-00A0C91BC942}") = "_168_Excel_Sheet_Column_Title", "_168_Excel_Sheet_Column_Title\_168_Excel_Sheet_Column_Title.vcxproj", "{106A95DF-8084-4AEF-BC59-D7872E0ED8E5}"
EndProject
Project("{8BC9CEB8-8B4A-11D0-8D11-00A0C91BC942}") = "_169_Majority_Element", "_169_Majority_Element\_169_Majority_Element.vcxproj", "{90074840-0D36-4ABF-95EC-A0A670A4084F}"
EndProject
Project("{8BC9CEB8-8B4A-11D0-8D11-00A0C91BC942}") = "_171_Excel_Sheet_Column_Number", "_171_Excel_Sheet_Column_Number\_171_Excel_Sheet_Column_Number.vcxproj", "{3080E6E2-897C-4874-9D08-D0C8CAD1F749}"
EndProject
Project("{8BC9CEB8-8B4A-11D0-8D11-00A0C91BC942}") = "_172_Factorial_Trailing_Zeroes", "_172_Factorial_Trailing_Zeroes\_172_Factorial_Trailing_Zeroes.vcxproj", "{8F01ADC4-EFD2-46A1-A6BF-FD58DE4F223E}"
EndProject
Project("{8BC9CEB8-8B4A-11D0-8D11-00A0C91BC942}") = "_189_Rotate_Array", "_189_Rotate_Array\_189_Rotate_Array.vcxproj", "{10FB4F53-2768-42F4-8864-F5EB71CBE7EF}"
EndProject
Project("{8BC9CEB8-8B4A-11D0-8D11-00A0C91BC942}") = "_190_Reverse_Bits", "_190_Reverse_Bits\_190_Reverse_Bits.vcxproj", "{A6A23763-C6D8-440B-BBAF-DFDCAFEDAFA2}"
EndProject
Project("{8BC9CEB8-8B4A-11D0-8D11-00A0C91BC942}") = "_191_Number_Of_1_Bits", "_191_Number_Of_1_Bits\_191_Number_Of_1_Bits.vcxproj", "{099133C1-390D-43B4-B929-6D20AD0EB7DC}"
EndProject
Project("{8BC9CEB8-8B4A-11D0-8D11-00A0C91BC942}") = "_193_Valid_Phone_Numbers", "_193_Valid_Phone_Numbers\_193_Valid_Phone_Numbers.vcxproj", "{0DE8BC25-11B0-46F8-94CE-C9E6A742E6C4}"
EndProject
Project("{8BC9CEB8-8B4A-11D0-8D11-00A0C91BC942}") = "_198_House_Robber", "_198_House_Robber\_198_House_Robber.vcxproj", "{B0A9E22A-75BA-421A-A608-741509497615}"
EndProject
Project("{8BC9CEB8-8B4A-11D0-8D11-00A0C91BC942}") = "_202_Happy_Number", "_202_Happy_Number\_202_Happy_Number.vcxproj", "{6D818B4F-DD40-4CF1-88BE-47483ACBE544}"
EndProject
Project("{8BC9CEB8-8B4A-11D0-8D11-00A0C91BC942}") = "_203_Remove_Linked_List_Elements", "_203_Remove_Linked_List_Elements\_203_Remove_Linked_List_Elements.vcxproj", "{DA860B25-00F8-48C5-BCDF-6B3BF70E078E}"
EndProject
Project("{8BC9CEB8-8B4A-11D0-8D11-00A0C91BC942}") = "_204_Count_Primes", "_204_Count_Primes\_204_Count_Primes.vcxproj", "{F2F71F25-A2E0-4BE5-B259-B29735F054AA}"
EndProject
Project("{8BC9CEB8-8B4A-11D0-8D11-00A0C91BC942}") = "_205_Isomorphic_Strings", "_205_Isomorphic_Strings\_205_Isomorphic_Strings.vcxproj", "{DE80D8F1-FB98-4F04-A96B-60BCD384300A}"
EndProject
Project("{8BC9CEB8-8B4A-11D0-8D11-00A0C91BC942}") = "_206_Reverse_Linked_List", "_206_Reverse_Linked_List\_206_Reverse_Linked_List.vcxproj", "{DB3D571E-D85C-40DB-A7FC-B1C8E5C884C9}"
EndProject
Project("{8BC9CEB8-8B4A-11D0-8D11-00A0C91BC942}") = "_217_Contains_Duplicate", "_217_Contains_Duplicate\_217_Contains_Duplicate.vcxproj", "{0E0BB407-C196-424E-9414-160A8F28EB48}"
EndProject
Project("{8BC9CEB8-8B4A-11D0-8D11-00A0C91BC942}") = "_219_Contains_Duplicate_II", "_219_Contains_Duplicate_II\_219_Contains_Duplicate_II.vcxproj", "{CE7642FD-2671-4037-83F5-C0ABD4F97FF5}"
EndProject
Project("{8BC9CEB8-8B4A-11D0-8D11-00A0C91BC942}") = "_225_Implement_Stack_Using_Queues", "_225_Implement_Stack_Using_Queues\_225_Implement_Stack_Using_Queues.vcxproj", "{1238673F-710F-4445-B287-E51EBD6D5EDD}"
EndProject
Project("{8BC9CEB8-8B4A-11D0-8D11-00A0C91BC942}") = "_226_Invert_Binary_Tree", "_226_Invert_Binary_Tree\_226_Invert_Binary_Tree.vcxproj", "{A267DB75-870F-4719-8C2A-EE6ED4A11CBE}"
EndProject
Project("{8BC9CEB8-8B4A-11D0-8D11-00A0C91BC942}") = "_231_Power_Of_Two", "_231_Power_Of_Two\_231_Power_Of_Two.vcxproj", "{D52DFF0C-52CE-46DC-A824-DF251099535C}"
EndProject
Project("{8BC9CEB8-8B4A-11D0-8D11-00A0C91BC942}") = "_232_Implement_Queue_Using_Stacks", "_232_Implement_Queue_Using_Stacks\_232_Implement_Queue_Using_Stacks.vcxproj", "{FC87DE46-EB33-4514-833B-04360B51F5E3}"
EndProject
Project("{8BC9CEB8-8B4A-11D0-8D11-00A0C91BC942}") = "_234_Palindrome_Linked_List", "_234_Palindrome_Linked_List\_234_Palindrome_Linked_List.vcxproj", "{5135750F-29F3-4815-91A9-D79498912993}"
EndProject
Project("{8BC9CEB8-8B4A-11D0-8D11-00A0C91BC942}") = "_235_Lowest_Common_Ancestor_Of_A_Binary_Search_Tree", "_235_Lowest_Common_Ancestor_Of_A_Binary_Search_Tree\_235_Lowest_Common_Ancestor_Of_A_Binary_Search_Tree.vcxproj", "{730E3459-818B-435F-9B4C-EC6A8BC46A96}"
EndProject
Project("{8BC9CEB8-8B4A-11D0-8D11-00A0C91BC942}") = "_237_Delete_Node_In_A_Linked_List", "_237_Delete_Node_In_A_Linked_List\_237_Delete_Node_In_A_Linked_List.vcxproj", "{6165D4FF-07FE-4510-9CD5-E452A346845D}"
EndProject
Project("{8BC9CEB8-8B4A-11D0-8D11-00A0C91BC942}") = "_242_Valid_Anagram", "_242_Valid_Anagram\_242_Valid_Anagram.vcxproj", "{B4BE3E3D-9C6D-4D03-AC85-BE28AE65D482}"
EndProject
Project("{8BC9CEB8-8B4A-11D0-8D11-00A0C91BC942}") = "_257_Binary_Tree_Paths", "_257_Binary_Tree_Paths\_257_Binary_Tree_Paths.vcxproj", "{F2DCD469-D16C-40A6-AFCA-3DDB8A93D7FD}"
EndProject
Project("{8BC9CEB8-8B4A-11D0-8D11-00A0C91BC942}") = "_258_Add_Digits", "_258_Add_Digits\_258_Add_Digits.vcxproj", "{E0D23332-227F-4E12-A431-1708FC18133F}"
EndProject
Project("{8BC9CEB8-8B4A-11D0-8D11-00A0C91BC942}") = "_263_Ugly_Number", "_263_Ugly_Number\_263_Ugly_Number.vcxproj", "{F36E3193-B877-4D27-A556-765669267828}"
EndProject
Project("{8BC9CEB8-8B4A-11D0-8D11-00A0C91BC942}") = "_268_Missing_Number", "_268_Missing_Number\_268_Missing_Number.vcxproj", "{8165ABD2-0502-4AA7-85A2-61D790D1DAEC}"
EndProject
Project("{8BC9CEB8-8B4A-11D0-8D11-00A0C91BC942}") = "_278_First_Bad_Version", "_278_First_Bad_Version\_278_First_Bad_Version.vcxproj", "{23E29284-8548-4536-80F0-57E5CD665E07}"
EndProject
Project("{8BC9CEB8-8B4A-11D0-8D11-00A0C91BC942}") = "_283_Move_Zeros", "_283_Move_Zeros\_283_Move_Zeros.vcxproj", "{F62AD806-AF7D-47D1-A460-5E54DEDCF3D3}"
EndProject
Project("{8BC9CEB8-8B4A-11D0-8D11-00A0C91BC942}") = "_290_Word_Pattern", "_290_Word_Pattern\_290_Word_Pattern.vcxproj", "{6E7A7BA7-B4C0-40EA-AAF2-7C65D81085D1}"
EndProject
Project("{8BC9CEB8-8B4A-11D0-8D11-00A0C91BC942}") = "_292_Nim_Game", "_292_Nim_Game\_292_Nim_Game.vcxproj", "{2D12ABF5-E6C2-46ED-9575-B4F7A2441539}"
EndProject
Project("{8BC9CEB8-8B4A-11D0-8D11-00A0C91BC942}") = "_303_Range_Sum_Query", "_303_Range_Sum_Query\_303_Range_Sum_Query.vcxproj", "{B54D3544-6922-4C61-915B-5EF1A3CA793A}"
EndProject
Global
	GlobalSection(SolutionConfigurationPlatforms) = preSolution
		Debug|x64 = Debug|x64
		Debug|x86 = Debug|x86
		Release|x64 = Release|x64
		Release|x86 = Release|x86
	EndGlobalSection
	GlobalSection(ProjectConfigurationPlatforms) = postSolution
		{82F0CC3A-050C-44F0-A21A-62AFBAF3C12A}.Debug|x64.ActiveCfg = Debug|x64
		{82F0CC3A-050C-44F0-A21A-62AFBAF3C12A}.Debug|x64.Build.0 = Debug|x64
		{82F0CC3A-050C-44F0-A21A-62AFBAF3C12A}.Debug|x86.ActiveCfg = Debug|Win32
		{82F0CC3A-050C-44F0-A21A-62AFBAF3C12A}.Debug|x86.Build.0 = Debug|Win32
		{82F0CC3A-050C-44F0-A21A-62AFBAF3C12A}.Release|x64.ActiveCfg = Release|x64
		{82F0CC3A-050C-44F0-A21A-62AFBAF3C12A}.Release|x64.Build.0 = Release|x64
		{82F0CC3A-050C-44F0-A21A-62AFBAF3C12A}.Release|x86.ActiveCfg = Release|Win32
		{82F0CC3A-050C-44F0-A21A-62AFBAF3C12A}.Release|x86.Build.0 = Release|Win32
		{646129A3-6640-4163-B61B-1A3C03A7E932}.Debug|x64.ActiveCfg = Debug|x64
		{646129A3-6640-4163-B61B-1A3C03A7E932}.Debug|x64.Build.0 = Debug|x64
		{646129A3-6640-4163-B61B-1A3C03A7E932}.Debug|x86.ActiveCfg = Debug|Win32
		{646129A3-6640-4163-B61B-1A3C03A7E932}.Debug|x86.Build.0 = Debug|Win32
		{646129A3-6640-4163-B61B-1A3C03A7E932}.Release|x64.ActiveCfg = Release|x64
		{646129A3-6640-4163-B61B-1A3C03A7E932}.Release|x64.Build.0 = Release|x64
		{646129A3-6640-4163-B61B-1A3C03A7E932}.Release|x86.ActiveCfg = Release|Win32
		{646129A3-6640-4163-B61B-1A3C03A7E932}.Release|x86.Build.0 = Release|Win32
		{139FD685-CAA1-4B57-BABD-616EADC80B1D}.Debug|x64.ActiveCfg = Debug|x64
		{139FD685-CAA1-4B57-BABD-616EADC80B1D}.Debug|x64.Build.0 = Debug|x64
		{139FD685-CAA1-4B57-BABD-616EADC80B1D}.Debug|x86.ActiveCfg = Debug|Win32
		{139FD685-CAA1-4B57-BABD-616EADC80B1D}.Debug|x86.Build.0 = Debug|Win32
		{139FD685-CAA1-4B57-BABD-616EADC80B1D}.Release|x64.ActiveCfg = Release|x64
		{139FD685-CAA1-4B57-BABD-616EADC80B1D}.Release|x64.Build.0 = Release|x64
		{139FD685-CAA1-4B57-BABD-616EADC80B1D}.Release|x86.ActiveCfg = Release|Win32
		{139FD685-CAA1-4B57-BABD-616EADC80B1D}.Release|x86.Build.0 = Release|Win32
		{09F30F20-E9E6-4352-AA9F-9DC3BBEF16A1}.Debug|x64.ActiveCfg = Debug|x64
		{09F30F20-E9E6-4352-AA9F-9DC3BBEF16A1}.Debug|x64.Build.0 = Debug|x64
		{09F30F20-E9E6-4352-AA9F-9DC3BBEF16A1}.Debug|x86.ActiveCfg = Debug|Win32
		{09F30F20-E9E6-4352-AA9F-9DC3BBEF16A1}.Debug|x86.Build.0 = Debug|Win32
		{09F30F20-E9E6-4352-AA9F-9DC3BBEF16A1}.Release|x64.ActiveCfg = Release|x64
		{09F30F20-E9E6-4352-AA9F-9DC3BBEF16A1}.Release|x64.Build.0 = Release|x64
		{09F30F20-E9E6-4352-AA9F-9DC3BBEF16A1}.Release|x86.ActiveCfg = Release|Win32
		{09F30F20-E9E6-4352-AA9F-9DC3BBEF16A1}.Release|x86.Build.0 = Release|Win32
		{16DDCFC7-D37F-4A3B-BDF3-1EC26D9CCD50}.Debug|x64.ActiveCfg = Debug|x64
		{16DDCFC7-D37F-4A3B-BDF3-1EC26D9CCD50}.Debug|x64.Build.0 = Debug|x64
		{16DDCFC7-D37F-4A3B-BDF3-1EC26D9CCD50}.Debug|x86.ActiveCfg = Debug|Win32
		{16DDCFC7-D37F-4A3B-BDF3-1EC26D9CCD50}.Debug|x86.Build.0 = Debug|Win32
		{16DDCFC7-D37F-4A3B-BDF3-1EC26D9CCD50}.Release|x64.ActiveCfg = Release|x64
		{16DDCFC7-D37F-4A3B-BDF3-1EC26D9CCD50}.Release|x64.Build.0 = Release|x64
		{16DDCFC7-D37F-4A3B-BDF3-1EC26D9CCD50}.Release|x86.ActiveCfg = Release|Win32
		{16DDCFC7-D37F-4A3B-BDF3-1EC26D9CCD50}.Release|x86.Build.0 = Release|Win32
		{E480D7AD-07BD-4C19-8617-BD7B0FCB5EAB}.Debug|x64.ActiveCfg = Debug|x64
		{E480D7AD-07BD-4C19-8617-BD7B0FCB5EAB}.Debug|x64.Build.0 = Debug|x64
		{E480D7AD-07BD-4C19-8617-BD7B0FCB5EAB}.Debug|x86.ActiveCfg = Debug|Win32
		{E480D7AD-07BD-4C19-8617-BD7B0FCB5EAB}.Debug|x86.Build.0 = Debug|Win32
		{E480D7AD-07BD-4C19-8617-BD7B0FCB5EAB}.Release|x64.ActiveCfg = Release|x64
		{E480D7AD-07BD-4C19-8617-BD7B0FCB5EAB}.Release|x64.Build.0 = Release|x64
		{E480D7AD-07BD-4C19-8617-BD7B0FCB5EAB}.Release|x86.ActiveCfg = Release|Win32
		{E480D7AD-07BD-4C19-8617-BD7B0FCB5EAB}.Release|x86.Build.0 = Release|Win32
		{B5969C24-0123-49E5-8F3D-53B2F713AC1D}.Debug|x64.ActiveCfg = Debug|x64
		{B5969C24-0123-49E5-8F3D-53B2F713AC1D}.Debug|x64.Build.0 = Debug|x64
		{B5969C24-0123-49E5-8F3D-53B2F713AC1D}.Debug|x86.ActiveCfg = Debug|Win32
		{B5969C24-0123-49E5-8F3D-53B2F713AC1D}.Debug|x86.Build.0 = Debug|Win32
		{B5969C24-0123-49E5-8F3D-53B2F713AC1D}.Release|x64.ActiveCfg = Release|x64
		{B5969C24-0123-49E5-8F3D-53B2F713AC1D}.Release|x64.Build.0 = Release|x64
		{B5969C24-0123-49E5-8F3D-53B2F713AC1D}.Release|x86.ActiveCfg = Release|Win32
		{B5969C24-0123-49E5-8F3D-53B2F713AC1D}.Release|x86.Build.0 = Release|Win32
		{129F48F5-673B-4726-A858-C81B0532EF07}.Debug|x64.ActiveCfg = Debug|x64
		{129F48F5-673B-4726-A858-C81B0532EF07}.Debug|x64.Build.0 = Debug|x64
		{129F48F5-673B-4726-A858-C81B0532EF07}.Debug|x86.ActiveCfg = Debug|Win32
		{129F48F5-673B-4726-A858-C81B0532EF07}.Debug|x86.Build.0 = Debug|Win32
		{129F48F5-673B-4726-A858-C81B0532EF07}.Release|x64.ActiveCfg = Release|x64
		{129F48F5-673B-4726-A858-C81B0532EF07}.Release|x64.Build.0 = Release|x64
		{129F48F5-673B-4726-A858-C81B0532EF07}.Release|x86.ActiveCfg = Release|Win32
		{129F48F5-673B-4726-A858-C81B0532EF07}.Release|x86.Build.0 = Release|Win32
		{114CC8AF-C4AC-4A3C-BFF0-639B36C6D9E2}.Debug|x64.ActiveCfg = Debug|x64
		{114CC8AF-C4AC-4A3C-BFF0-639B36C6D9E2}.Debug|x64.Build.0 = Debug|x64
		{114CC8AF-C4AC-4A3C-BFF0-639B36C6D9E2}.Debug|x86.ActiveCfg = Debug|Win32
		{114CC8AF-C4AC-4A3C-BFF0-639B36C6D9E2}.Debug|x86.Build.0 = Debug|Win32
		{114CC8AF-C4AC-4A3C-BFF0-639B36C6D9E2}.Release|x64.ActiveCfg = Release|x64
		{114CC8AF-C4AC-4A3C-BFF0-639B36C6D9E2}.Release|x64.Build.0 = Release|x64
		{114CC8AF-C4AC-4A3C-BFF0-639B36C6D9E2}.Release|x86.ActiveCfg = Release|Win32
		{114CC8AF-C4AC-4A3C-BFF0-639B36C6D9E2}.Release|x86.Build.0 = Release|Win32
		{1DEDB645-2165-4287-BFEF-B8BE0E99B5EA}.Debug|x64.ActiveCfg = Debug|x64
		{1DEDB645-2165-4287-BFEF-B8BE0E99B5EA}.Debug|x64.Build.0 = Debug|x64
		{1DEDB645-2165-4287-BFEF-B8BE0E99B5EA}.Debug|x86.ActiveCfg = Debug|Win32
		{1DEDB645-2165-4287-BFEF-B8BE0E99B5EA}.Debug|x86.Build.0 = Debug|Win32
		{1DEDB645-2165-4287-BFEF-B8BE0E99B5EA}.Release|x64.ActiveCfg = Release|x64
		{1DEDB645-2165-4287-BFEF-B8BE0E99B5EA}.Release|x64.Build.0 = Release|x64
		{1DEDB645-2165-4287-BFEF-B8BE0E99B5EA}.Release|x86.ActiveCfg = Release|Win32
		{1DEDB645-2165-4287-BFEF-B8BE0E99B5EA}.Release|x86.Build.0 = Release|Win32
		{94691247-9241-4A54-B374-EE4390A196D6}.Debug|x64.ActiveCfg = Debug|x64
		{94691247-9241-4A54-B374-EE4390A196D6}.Debug|x64.Build.0 = Debug|x64
		{94691247-9241-4A54-B374-EE4390A196D6}.Debug|x86.ActiveCfg = Debug|Win32
		{94691247-9241-4A54-B374-EE4390A196D6}.Debug|x86.Build.0 = Debug|Win32
		{94691247-9241-4A54-B374-EE4390A196D6}.Release|x64.ActiveCfg = Release|x64
		{94691247-9241-4A54-B374-EE4390A196D6}.Release|x64.Build.0 = Release|x64
		{94691247-9241-4A54-B374-EE4390A196D6}.Release|x86.ActiveCfg = Release|Win32
		{94691247-9241-4A54-B374-EE4390A196D6}.Release|x86.Build.0 = Release|Win32
		{DED891EE-F2FC-497D-9C4C-5C88B12935ED}.Debug|x64.ActiveCfg = Debug|x64
		{DED891EE-F2FC-497D-9C4C-5C88B12935ED}.Debug|x64.Build.0 = Debug|x64
		{DED891EE-F2FC-497D-9C4C-5C88B12935ED}.Debug|x86.ActiveCfg = Debug|Win32
		{DED891EE-F2FC-497D-9C4C-5C88B12935ED}.Debug|x86.Build.0 = Debug|Win32
		{DED891EE-F2FC-497D-9C4C-5C88B12935ED}.Release|x64.ActiveCfg = Release|x64
		{DED891EE-F2FC-497D-9C4C-5C88B12935ED}.Release|x64.Build.0 = Release|x64
		{DED891EE-F2FC-497D-9C4C-5C88B12935ED}.Release|x86.ActiveCfg = Release|Win32
		{DED891EE-F2FC-497D-9C4C-5C88B12935ED}.Release|x86.Build.0 = Release|Win32
		{3D58E6E2-203A-43F8-98E2-AC580AE56D96}.Debug|x64.ActiveCfg = Debug|x64
		{3D58E6E2-203A-43F8-98E2-AC580AE56D96}.Debug|x64.Build.0 = Debug|x64
		{3D58E6E2-203A-43F8-98E2-AC580AE56D96}.Debug|x86.ActiveCfg = Debug|Win32
		{3D58E6E2-203A-43F8-98E2-AC580AE56D96}.Debug|x86.Build.0 = Debug|Win32
		{3D58E6E2-203A-43F8-98E2-AC580AE56D96}.Release|x64.ActiveCfg = Release|x64
		{3D58E6E2-203A-43F8-98E2-AC580AE56D96}.Release|x64.Build.0 = Release|x64
		{3D58E6E2-203A-43F8-98E2-AC580AE56D96}.Release|x86.ActiveCfg = Release|Win32
		{3D58E6E2-203A-43F8-98E2-AC580AE56D96}.Release|x86.Build.0 = Release|Win32
		{795168FF-03C5-41CF-ADE7-01B054E9394D}.Debug|x64.ActiveCfg = Debug|x64
		{795168FF-03C5-41CF-ADE7-01B054E9394D}.Debug|x64.Build.0 = Debug|x64
		{795168FF-03C5-41CF-ADE7-01B054E9394D}.Debug|x86.ActiveCfg = Debug|Win32
		{795168FF-03C5-41CF-ADE7-01B054E9394D}.Debug|x86.Build.0 = Debug|Win32
		{795168FF-03C5-41CF-ADE7-01B054E9394D}.Release|x64.ActiveCfg = Release|x64
		{795168FF-03C5-41CF-ADE7-01B054E9394D}.Release|x64.Build.0 = Release|x64
		{795168FF-03C5-41CF-ADE7-01B054E9394D}.Release|x86.ActiveCfg = Release|Win32
		{795168FF-03C5-41CF-ADE7-01B054E9394D}.Release|x86.Build.0 = Release|Win32
		{9DBC5990-92B7-478E-BD1D-B56E666DCE70}.Debug|x64.ActiveCfg = Debug|x64
		{9DBC5990-92B7-478E-BD1D-B56E666DCE70}.Debug|x64.Build.0 = Debug|x64
		{9DBC5990-92B7-478E-BD1D-B56E666DCE70}.Debug|x86.ActiveCfg = Debug|Win32
		{9DBC5990-92B7-478E-BD1D-B56E666DCE70}.Debug|x86.Build.0 = Debug|Win32
		{9DBC5990-92B7-478E-BD1D-B56E666DCE70}.Release|x64.ActiveCfg = Release|x64
		{9DBC5990-92B7-478E-BD1D-B56E666DCE70}.Release|x64.Build.0 = Release|x64
		{9DBC5990-92B7-478E-BD1D-B56E666DCE70}.Release|x86.ActiveCfg = Release|Win32
		{9DBC5990-92B7-478E-BD1D-B56E666DCE70}.Release|x86.Build.0 = Release|Win32
		{AE13C617-B2FE-4025-A330-69B91B9DB244}.Debug|x64.ActiveCfg = Debug|x64
		{AE13C617-B2FE-4025-A330-69B91B9DB244}.Debug|x64.Build.0 = Debug|x64
		{AE13C617-B2FE-4025-A330-69B91B9DB244}.Debug|x86.ActiveCfg = Debug|Win32
		{AE13C617-B2FE-4025-A330-69B91B9DB244}.Debug|x86.Build.0 = Debug|Win32
		{AE13C617-B2FE-4025-A330-69B91B9DB244}.Release|x64.ActiveCfg = Release|x64
		{AE13C617-B2FE-4025-A330-69B91B9DB244}.Release|x64.Build.0 = Release|x64
		{AE13C617-B2FE-4025-A330-69B91B9DB244}.Release|x86.ActiveCfg = Release|Win32
		{AE13C617-B2FE-4025-A330-69B91B9DB244}.Release|x86.Build.0 = Release|Win32
		{49186499-F67F-4BA8-A543-9415FB7F8016}.Debug|x64.ActiveCfg = Debug|x64
		{49186499-F67F-4BA8-A543-9415FB7F8016}.Debug|x64.Build.0 = Debug|x64
		{49186499-F67F-4BA8-A543-9415FB7F8016}.Debug|x86.ActiveCfg = Debug|Win32
		{49186499-F67F-4BA8-A543-9415FB7F8016}.Debug|x86.Build.0 = Debug|Win32
		{49186499-F67F-4BA8-A543-9415FB7F8016}.Release|x64.ActiveCfg = Release|x64
		{49186499-F67F-4BA8-A543-9415FB7F8016}.Release|x64.Build.0 = Release|x64
		{49186499-F67F-4BA8-A543-9415FB7F8016}.Release|x86.ActiveCfg = Release|Win32
		{49186499-F67F-4BA8-A543-9415FB7F8016}.Release|x86.Build.0 = Release|Win32
		{A9885F6F-A888-4E3C-9C44-764BE12509DF}.Debug|x64.ActiveCfg = Debug|x64
		{A9885F6F-A888-4E3C-9C44-764BE12509DF}.Debug|x64.Build.0 = Debug|x64
		{A9885F6F-A888-4E3C-9C44-764BE12509DF}.Debug|x86.ActiveCfg = Debug|Win32
		{A9885F6F-A888-4E3C-9C44-764BE12509DF}.Debug|x86.Build.0 = Debug|Win32
		{A9885F6F-A888-4E3C-9C44-764BE12509DF}.Release|x64.ActiveCfg = Release|x64
		{A9885F6F-A888-4E3C-9C44-764BE12509DF}.Release|x64.Build.0 = Release|x64
		{A9885F6F-A888-4E3C-9C44-764BE12509DF}.Release|x86.ActiveCfg = Release|Win32
		{A9885F6F-A888-4E3C-9C44-764BE12509DF}.Release|x86.Build.0 = Release|Win32
		{9F345268-ACC8-426E-84BE-08DA2075FBDA}.Debug|x64.ActiveCfg = Debug|x64
		{9F345268-ACC8-426E-84BE-08DA2075FBDA}.Debug|x64.Build.0 = Debug|x64
		{9F345268-ACC8-426E-84BE-08DA2075FBDA}.Debug|x86.ActiveCfg = Debug|Win32
		{9F345268-ACC8-426E-84BE-08DA2075FBDA}.Debug|x86.Build.0 = Debug|Win32
		{9F345268-ACC8-426E-84BE-08DA2075FBDA}.Release|x64.ActiveCfg = Release|x64
		{9F345268-ACC8-426E-84BE-08DA2075FBDA}.Release|x64.Build.0 = Release|x64
		{9F345268-ACC8-426E-84BE-08DA2075FBDA}.Release|x86.ActiveCfg = Release|Win32
		{9F345268-ACC8-426E-84BE-08DA2075FBDA}.Release|x86.Build.0 = Release|Win32
		{DFDDF553-F560-46EA-88F8-817B099E4DD2}.Debug|x64.ActiveCfg = Debug|x64
		{DFDDF553-F560-46EA-88F8-817B099E4DD2}.Debug|x64.Build.0 = Debug|x64
		{DFDDF553-F560-46EA-88F8-817B099E4DD2}.Debug|x86.ActiveCfg = Debug|Win32
		{DFDDF553-F560-46EA-88F8-817B099E4DD2}.Debug|x86.Build.0 = Debug|Win32
		{DFDDF553-F560-46EA-88F8-817B099E4DD2}.Release|x64.ActiveCfg = Release|x64
		{DFDDF553-F560-46EA-88F8-817B099E4DD2}.Release|x64.Build.0 = Release|x64
		{DFDDF553-F560-46EA-88F8-817B099E4DD2}.Release|x86.ActiveCfg = Release|Win32
		{DFDDF553-F560-46EA-88F8-817B099E4DD2}.Release|x86.Build.0 = Release|Win32
		{C86A55ED-7389-4399-91A0-AEEC39E56AC5}.Debug|x64.ActiveCfg = Debug|x64
		{C86A55ED-7389-4399-91A0-AEEC39E56AC5}.Debug|x64.Build.0 = Debug|x64
		{C86A55ED-7389-4399-91A0-AEEC39E56AC5}.Debug|x86.ActiveCfg = Debug|Win32
		{C86A55ED-7389-4399-91A0-AEEC39E56AC5}.Debug|x86.Build.0 = Debug|Win32
		{C86A55ED-7389-4399-91A0-AEEC39E56AC5}.Release|x64.ActiveCfg = Release|x64
		{C86A55ED-7389-4399-91A0-AEEC39E56AC5}.Release|x64.Build.0 = Release|x64
		{C86A55ED-7389-4399-91A0-AEEC39E56AC5}.Release|x86.ActiveCfg = Release|Win32
		{C86A55ED-7389-4399-91A0-AEEC39E56AC5}.Release|x86.Build.0 = Release|Win32
		{E6E8C5F3-02C7-43DD-A155-38FBF927705D}.Debug|x64.ActiveCfg = Debug|x64
		{E6E8C5F3-02C7-43DD-A155-38FBF927705D}.Debug|x64.Build.0 = Debug|x64
		{E6E8C5F3-02C7-43DD-A155-38FBF927705D}.Debug|x86.ActiveCfg = Debug|Win32
		{E6E8C5F3-02C7-43DD-A155-38FBF927705D}.Debug|x86.Build.0 = Debug|Win32
		{E6E8C5F3-02C7-43DD-A155-38FBF927705D}.Release|x64.ActiveCfg = Release|x64
		{E6E8C5F3-02C7-43DD-A155-38FBF927705D}.Release|x64.Build.0 = Release|x64
		{E6E8C5F3-02C7-43DD-A155-38FBF927705D}.Release|x86.ActiveCfg = Release|Win32
		{E6E8C5F3-02C7-43DD-A155-38FBF927705D}.Release|x86.Build.0 = Release|Win32
		{02C2B18C-BE64-4D5B-81F7-9A0376B95B95}.Debug|x64.ActiveCfg = Debug|x64
		{02C2B18C-BE64-4D5B-81F7-9A0376B95B95}.Debug|x64.Build.0 = Debug|x64
		{02C2B18C-BE64-4D5B-81F7-9A0376B95B95}.Debug|x86.ActiveCfg = Debug|Win32
		{02C2B18C-BE64-4D5B-81F7-9A0376B95B95}.Debug|x86.Build.0 = Debug|Win32
		{02C2B18C-BE64-4D5B-81F7-9A0376B95B95}.Release|x64.ActiveCfg = Release|x64
		{02C2B18C-BE64-4D5B-81F7-9A0376B95B95}.Release|x64.Build.0 = Release|x64
		{02C2B18C-BE64-4D5B-81F7-9A0376B95B95}.Release|x86.ActiveCfg = Release|Win32
		{02C2B18C-BE64-4D5B-81F7-9A0376B95B95}.Release|x86.Build.0 = Release|Win32
		{096B49AB-EF16-44F8-A421-E3790A99F0F2}.Debug|x64.ActiveCfg = Debug|x64
		{096B49AB-EF16-44F8-A421-E3790A99F0F2}.Debug|x64.Build.0 = Debug|x64
		{096B49AB-EF16-44F8-A421-E3790A99F0F2}.Debug|x86.ActiveCfg = Debug|Win32
		{096B49AB-EF16-44F8-A421-E3790A99F0F2}.Debug|x86.Build.0 = Debug|Win32
		{096B49AB-EF16-44F8-A421-E3790A99F0F2}.Release|x64.ActiveCfg = Release|x64
		{096B49AB-EF16-44F8-A421-E3790A99F0F2}.Release|x64.Build.0 = Release|x64
		{096B49AB-EF16-44F8-A421-E3790A99F0F2}.Release|x86.ActiveCfg = Release|Win32
		{096B49AB-EF16-44F8-A421-E3790A99F0F2}.Release|x86.Build.0 = Release|Win32
		{5916C848-EBB5-4B78-98AB-C87BD8E386CA}.Debug|x64.ActiveCfg = Debug|x64
		{5916C848-EBB5-4B78-98AB-C87BD8E386CA}.Debug|x64.Build.0 = Debug|x64
		{5916C848-EBB5-4B78-98AB-C87BD8E386CA}.Debug|x86.ActiveCfg = Debug|Win32
		{5916C848-EBB5-4B78-98AB-C87BD8E386CA}.Debug|x86.Build.0 = Debug|Win32
		{5916C848-EBB5-4B78-98AB-C87BD8E386CA}.Release|x64.ActiveCfg = Release|x64
		{5916C848-EBB5-4B78-98AB-C87BD8E386CA}.Release|x64.Build.0 = Release|x64
		{5916C848-EBB5-4B78-98AB-C87BD8E386CA}.Release|x86.ActiveCfg = Release|Win32
		{5916C848-EBB5-4B78-98AB-C87BD8E386CA}.Release|x86.Build.0 = Release|Win32
		{1D897FF0-4868-47E0-B6A0-D49C9143CAAF}.Debug|x64.ActiveCfg = Debug|x64
		{1D897FF0-4868-47E0-B6A0-D49C9143CAAF}.Debug|x64.Build.0 = Debug|x64
		{1D897FF0-4868-47E0-B6A0-D49C9143CAAF}.Debug|x86.ActiveCfg = Debug|Win32
		{1D897FF0-4868-47E0-B6A0-D49C9143CAAF}.Debug|x86.Build.0 = Debug|Win32
		{1D897FF0-4868-47E0-B6A0-D49C9143CAAF}.Release|x64.ActiveCfg = Release|x64
		{1D897FF0-4868-47E0-B6A0-D49C9143CAAF}.Release|x64.Build.0 = Release|x64
		{1D897FF0-4868-47E0-B6A0-D49C9143CAAF}.Release|x86.ActiveCfg = Release|Win32
		{1D897FF0-4868-47E0-B6A0-D49C9143CAAF}.Release|x86.Build.0 = Release|Win32
		{A1CB4105-6ABF-4D6D-AB8F-525B106AEE0B}.Debug|x64.ActiveCfg = Debug|x64
		{A1CB4105-6ABF-4D6D-AB8F-525B106AEE0B}.Debug|x64.Build.0 = Debug|x64
		{A1CB4105-6ABF-4D6D-AB8F-525B106AEE0B}.Debug|x86.ActiveCfg = Debug|Win32
		{A1CB4105-6ABF-4D6D-AB8F-525B106AEE0B}.Debug|x86.Build.0 = Debug|Win32
		{A1CB4105-6ABF-4D6D-AB8F-525B106AEE0B}.Release|x64.ActiveCfg = Release|x64
		{A1CB4105-6ABF-4D6D-AB8F-525B106AEE0B}.Release|x64.Build.0 = Release|x64
		{A1CB4105-6ABF-4D6D-AB8F-525B106AEE0B}.Release|x86.ActiveCfg = Release|Win32
		{A1CB4105-6ABF-4D6D-AB8F-525B106AEE0B}.Release|x86.Build.0 = Release|Win32
		{6B5E5A37-9C50-4EE1-9F83-368B15BEB577}.Debug|x64.ActiveCfg = Debug|x64
		{6B5E5A37-9C50-4EE1-9F83-368B15BEB577}.Debug|x64.Build.0 = Debug|x64
		{6B5E5A37-9C50-4EE1-9F83-368B15BEB577}.Debug|x86.ActiveCfg = Debug|Win32
		{6B5E5A37-9C50-4EE1-9F83-368B15BEB577}.Debug|x86.Build.0 = Debug|Win32
		{6B5E5A37-9C50-4EE1-9F83-368B15BEB577}.Release|x64.ActiveCfg = Release|x64
		{6B5E5A37-9C50-4EE1-9F83-368B15BEB577}.Release|x64.Build.0 = Release|x64
		{6B5E5A37-9C50-4EE1-9F83-368B15BEB577}.Release|x86.ActiveCfg = Release|Win32
		{6B5E5A37-9C50-4EE1-9F83-368B15BEB577}.Release|x86.Build.0 = Release|Win32
		{9388951E-6A46-47C7-B4E1-C7863F612E45}.Debug|x64.ActiveCfg = Debug|x64
		{9388951E-6A46-47C7-B4E1-C7863F612E45}.Debug|x64.Build.0 = Debug|x64
		{9388951E-6A46-47C7-B4E1-C7863F612E45}.Debug|x86.ActiveCfg = Debug|Win32
		{9388951E-6A46-47C7-B4E1-C7863F612E45}.Debug|x86.Build.0 = Debug|Win32
		{9388951E-6A46-47C7-B4E1-C7863F612E45}.Release|x64.ActiveCfg = Release|x64
		{9388951E-6A46-47C7-B4E1-C7863F612E45}.Release|x64.Build.0 = Release|x64
		{9388951E-6A46-47C7-B4E1-C7863F612E45}.Release|x86.ActiveCfg = Release|Win32
		{9388951E-6A46-47C7-B4E1-C7863F612E45}.Release|x86.Build.0 = Release|Win32
		{43E5CC20-4EAC-4A0A-9145-FD72E2C9193D}.Debug|x64.ActiveCfg = Debug|x64
		{43E5CC20-4EAC-4A0A-9145-FD72E2C9193D}.Debug|x64.Build.0 = Debug|x64
		{43E5CC20-4EAC-4A0A-9145-FD72E2C9193D}.Debug|x86.ActiveCfg = Debug|Win32
		{43E5CC20-4EAC-4A0A-9145-FD72E2C9193D}.Debug|x86.Build.0 = Debug|Win32
		{43E5CC20-4EAC-4A0A-9145-FD72E2C9193D}.Release|x64.ActiveCfg = Release|x64
		{43E5CC20-4EAC-4A0A-9145-FD72E2C9193D}.Release|x64.Build.0 = Release|x64
		{43E5CC20-4EAC-4A0A-9145-FD72E2C9193D}.Release|x86.ActiveCfg = Release|Win32
		{43E5CC20-4EAC-4A0A-9145-FD72E2C9193D}.Release|x86.Build.0 = Release|Win32
		{9BFF1E15-D8B3-4964-B597-AA07BD1E31DC}.Debug|x64.ActiveCfg = Debug|x64
		{9BFF1E15-D8B3-4964-B597-AA07BD1E31DC}.Debug|x64.Build.0 = Debug|x64
		{9BFF1E15-D8B3-4964-B597-AA07BD1E31DC}.Debug|x86.ActiveCfg = Debug|Win32
		{9BFF1E15-D8B3-4964-B597-AA07BD1E31DC}.Debug|x86.Build.0 = Debug|Win32
		{9BFF1E15-D8B3-4964-B597-AA07BD1E31DC}.Release|x64.ActiveCfg = Release|x64
		{9BFF1E15-D8B3-4964-B597-AA07BD1E31DC}.Release|x64.Build.0 = Release|x64
		{9BFF1E15-D8B3-4964-B597-AA07BD1E31DC}.Release|x86.ActiveCfg = Release|Win32
		{9BFF1E15-D8B3-4964-B597-AA07BD1E31DC}.Release|x86.Build.0 = Release|Win32
		{C44A46A8-E7C2-4462-8643-5A760589F241}.Debug|x64.ActiveCfg = Debug|x64
		{C44A46A8-E7C2-4462-8643-5A760589F241}.Debug|x64.Build.0 = Debug|x64
		{C44A46A8-E7C2-4462-8643-5A760589F241}.Debug|x86.ActiveCfg = Debug|Win32
		{C44A46A8-E7C2-4462-8643-5A760589F241}.Debug|x86.Build.0 = Debug|Win32
		{C44A46A8-E7C2-4462-8643-5A760589F241}.Release|x64.ActiveCfg = Release|x64
		{C44A46A8-E7C2-4462-8643-5A760589F241}.Release|x64.Build.0 = Release|x64
		{C44A46A8-E7C2-4462-8643-5A760589F241}.Release|x86.ActiveCfg = Release|Win32
		{C44A46A8-E7C2-4462-8643-5A760589F241}.Release|x86.Build.0 = Release|Win32
		{340B0CCE-E374-4002-8F60-AADE1057E677}.Debug|x64.ActiveCfg = Debug|x64
		{340B0CCE-E374-4002-8F60-AADE1057E677}.Debug|x64.Build.0 = Debug|x64
		{340B0CCE-E374-4002-8F60-AADE1057E677}.Debug|x86.ActiveCfg = Debug|Win32
		{340B0CCE-E374-4002-8F60-AADE1057E677}.Debug|x86.Build.0 = Debug|Win32
		{340B0CCE-E374-4002-8F60-AADE1057E677}.Release|x64.ActiveCfg = Release|x64
		{340B0CCE-E374-4002-8F60-AADE1057E677}.Release|x64.Build.0 = Release|x64
		{340B0CCE-E374-4002-8F60-AADE1057E677}.Release|x86.ActiveCfg = Release|Win32
		{340B0CCE-E374-4002-8F60-AADE1057E677}.Release|x86.Build.0 = Release|Win32
		{592B088A-1EDE-4DDF-8222-68EAE69F621E}.Debug|x64.ActiveCfg = Debug|x64
		{592B088A-1EDE-4DDF-8222-68EAE69F621E}.Debug|x64.Build.0 = Debug|x64
		{592B088A-1EDE-4DDF-8222-68EAE69F621E}.Debug|x86.ActiveCfg = Debug|Win32
		{592B088A-1EDE-4DDF-8222-68EAE69F621E}.Debug|x86.Build.0 = Debug|Win32
		{592B088A-1EDE-4DDF-8222-68EAE69F621E}.Release|x64.ActiveCfg = Release|x64
		{592B088A-1EDE-4DDF-8222-68EAE69F621E}.Release|x64.Build.0 = Release|x64
		{592B088A-1EDE-4DDF-8222-68EAE69F621E}.Release|x86.ActiveCfg = Release|Win32
		{592B088A-1EDE-4DDF-8222-68EAE69F621E}.Release|x86.Build.0 = Release|Win32
		{724B5F3E-B27A-41EE-8302-4ED473F5A457}.Debug|x64.ActiveCfg = Debug|x64
		{724B5F3E-B27A-41EE-8302-4ED473F5A457}.Debug|x64.Build.0 = Debug|x64
		{724B5F3E-B27A-41EE-8302-4ED473F5A457}.Debug|x86.ActiveCfg = Debug|Win32
		{724B5F3E-B27A-41EE-8302-4ED473F5A457}.Debug|x86.Build.0 = Debug|Win32
		{724B5F3E-B27A-41EE-8302-4ED473F5A457}.Release|x64.ActiveCfg = Release|x64
		{724B5F3E-B27A-41EE-8302-4ED473F5A457}.Release|x64.Build.0 = Release|x64
		{724B5F3E-B27A-41EE-8302-4ED473F5A457}.Release|x86.ActiveCfg = Release|Win32
		{724B5F3E-B27A-41EE-8302-4ED473F5A457}.Release|x86.Build.0 = Release|Win32
		{7C7EA5A9-2D35-4780-B9A0-14C1D1D0C69C}.Debug|x64.ActiveCfg = Debug|x64
		{7C7EA5A9-2D35-4780-B9A0-14C1D1D0C69C}.Debug|x64.Build.0 = Debug|x64
		{7C7EA5A9-2D35-4780-B9A0-14C1D1D0C69C}.Debug|x86.ActiveCfg = Debug|Win32
		{7C7EA5A9-2D35-4780-B9A0-14C1D1D0C69C}.Debug|x86.Build.0 = Debug|Win32
		{7C7EA5A9-2D35-4780-B9A0-14C1D1D0C69C}.Release|x64.ActiveCfg = Release|x64
		{7C7EA5A9-2D35-4780-B9A0-14C1D1D0C69C}.Release|x64.Build.0 = Release|x64
		{7C7EA5A9-2D35-4780-B9A0-14C1D1D0C69C}.Release|x86.ActiveCfg = Release|Win32
		{7C7EA5A9-2D35-4780-B9A0-14C1D1D0C69C}.Release|x86.Build.0 = Release|Win32
		{7806A79B-19E0-4AB3-B2CE-F923FD47D91B}.Debug|x64.ActiveCfg = Debug|x64
		{7806A79B-19E0-4AB3-B2CE-F923FD47D91B}.Debug|x64.Build.0 = Debug|x64
		{7806A79B-19E0-4AB3-B2CE-F923FD47D91B}.Debug|x86.ActiveCfg = Debug|Win32
		{7806A79B-19E0-4AB3-B2CE-F923FD47D91B}.Debug|x86.Build.0 = Debug|Win32
		{7806A79B-19E0-4AB3-B2CE-F923FD47D91B}.Release|x64.ActiveCfg = Release|x64
		{7806A79B-19E0-4AB3-B2CE-F923FD47D91B}.Release|x64.Build.0 = Release|x64
		{7806A79B-19E0-4AB3-B2CE-F923FD47D91B}.Release|x86.ActiveCfg = Release|Win32
		{7806A79B-19E0-4AB3-B2CE-F923FD47D91B}.Release|x86.Build.0 = Release|Win32
		{17FC0A54-1E76-432A-8B30-C3A9B5D9D966}.Debug|x64.ActiveCfg = Debug|x64
		{17FC0A54-1E76-432A-8B30-C3A9B5D9D966}.Debug|x64.Build.0 = Debug|x64
		{17FC0A54-1E76-432A-8B30-C3A9B5D9D966}.Debug|x86.ActiveCfg = Debug|Win32
		{17FC0A54-1E76-432A-8B30-C3A9B5D9D966}.Debug|x86.Build.0 = Debug|Win32
		{17FC0A54-1E76-432A-8B30-C3A9B5D9D966}.Release|x64.ActiveCfg = Release|x64
		{17FC0A54-1E76-432A-8B30-C3A9B5D9D966}.Release|x64.Build.0 = Release|x64
		{17FC0A54-1E76-432A-8B30-C3A9B5D9D966}.Release|x86.ActiveCfg = Release|Win32
		{17FC0A54-1E76-432A-8B30-C3A9B5D9D966}.Release|x86.Build.0 = Release|Win32
		{106A95DF-8084-4AEF-BC59-D7872E0ED8E5}.Debug|x64.ActiveCfg = Debug|x64
		{106A95DF-8084-4AEF-BC59-D7872E0ED8E5}.Debug|x64.Build.0 = Debug|x64
		{106A95DF-8084-4AEF-BC59-D7872E0ED8E5}.Debug|x86.ActiveCfg = Debug|Win32
		{106A95DF-8084-4AEF-BC59-D7872E0ED8E5}.Debug|x86.Build.0 = Debug|Win32
		{106A95DF-8084-4AEF-BC59-D7872E0ED8E5}.Release|x64.ActiveCfg = Release|x64
		{106A95DF-8084-4AEF-BC59-D7872E0ED8E5}.Release|x64.Build.0 = Release|x64
		{106A95DF-8084-4AEF-BC59-D7872E0ED8E5}.Release|x86.ActiveCfg = Release|Win32
		{106A95DF-8084-4AEF-BC59-D7872E0ED8E5}.Release|x86.Build.0 = Release|Win32
		{90074840-0D36-4ABF-95EC-A0A670A4084F}.Debug|x64.ActiveCfg = Debug|x64
		{90074840-0D36-4ABF-95EC-A0A670A4084F}.Debug|x64.Build.0 = Debug|x64
		{90074840-0D36-4ABF-95EC-A0A670A4084F}.Debug|x86.ActiveCfg = Debug|Win32
		{90074840-0D36-4ABF-95EC-A0A670A4084F}.Debug|x86.Build.0 = Debug|Win32
		{90074840-0D36-4ABF-95EC-A0A670A4084F}.Release|x64.ActiveCfg = Release|x64
		{90074840-0D36-4ABF-95EC-A0A670A4084F}.Release|x64.Build.0 = Release|x64
		{90074840-0D36-4ABF-95EC-A0A670A4084F}.Release|x86.ActiveCfg = Release|Win32
		{90074840-0D36-4ABF-95EC-A0A670A4084F}.Release|x86.Build.0 = Release|Win32
		{3080E6E2-897C-4874-9D08-D0C8CAD1F749}.Debug|x64.ActiveCfg = Debug|x64
		{3080E6E2-897C-4874-9D08-D0C8CAD1F749}.Debug|x64.Build.0 = Debug|x64
		{3080E6E2-897C-4874-9D08-D0C8CAD1F749}.Debug|x86.ActiveCfg = Debug|Win32
		{3080E6E2-897C-4874-9D08-D0C8CAD1F749}.Debug|x86.Build.0 = Debug|Win32
		{3080E6E2-897C-4874-9D08-D0C8CAD1F749}.Release|x64.ActiveCfg = Release|x64
		{3080E6E2-897C-4874-9D08-D0C8CAD1F749}.Release|x64.Build.0 = Release|x64
		{3080E6E2-897C-4874-9D08-D0C8CAD1F749}.Release|x86.ActiveCfg = Release|Win32
		{3080E6E2-897C-4874-9D08-D0C8CAD1F749}.Release|x86.Build.0 = Release|Win32
		{8F01ADC4-EFD2-46A1-A6BF-FD58DE4F223E}.Debug|x64.ActiveCfg = Debug|x64
		{8F01ADC4-EFD2-46A1-A6BF-FD58DE4F223E}.Debug|x64.Build.0 = Debug|x64
		{8F01ADC4-EFD2-46A1-A6BF-FD58DE4F223E}.Debug|x86.ActiveCfg = Debug|Win32
		{8F01ADC4-EFD2-46A1-A6BF-FD58DE4F223E}.Debug|x86.Build.0 = Debug|Win32
		{8F01ADC4-EFD2-46A1-A6BF-FD58DE4F223E}.Release|x64.ActiveCfg = Release|x64
		{8F01ADC4-EFD2-46A1-A6BF-FD58DE4F223E}.Release|x64.Build.0 = Release|x64
		{8F01ADC4-EFD2-46A1-A6BF-FD58DE4F223E}.Release|x86.ActiveCfg = Release|Win32
		{8F01ADC4-EFD2-46A1-A6BF-FD58DE4F223E}.Release|x86.Build.0 = Release|Win32
		{10FB4F53-2768-42F4-8864-F5EB71CBE7EF}.Debug|x64.ActiveCfg = Debug|x64
		{10FB4F53-2768-42F4-8864-F5EB71CBE7EF}.Debug|x64.Build.0 = Debug|x64
		{10FB4F53-2768-42F4-8864-F5EB71CBE7EF}.Debug|x86.ActiveCfg = Debug|Win32
		{10FB4F53-2768-42F4-8864-F5EB71CBE7EF}.Debug|x86.Build.0 = Debug|Win32
		{10FB4F53-2768-42F4-8864-F5EB71CBE7EF}.Release|x64.ActiveCfg = Release|x64
		{10FB4F53-2768-42F4-8864-F5EB71CBE7EF}.Release|x64.Build.0 = Release|x64
		{10FB4F53-2768-42F4-8864-F5EB71CBE7EF}.Release|x86.ActiveCfg = Release|Win32
		{10FB4F53-2768-42F4-8864-F5EB71CBE7EF}.Release|x86.Build.0 = Release|Win32
		{A6A23763-C6D8-440B-BBAF-DFDCAFEDAFA2}.Debug|x64.ActiveCfg = Debug|x64
		{A6A23763-C6D8-440B-BBAF-DFDCAFEDAFA2}.Debug|x64.Build.0 = Debug|x64
		{A6A23763-C6D8-440B-BBAF-DFDCAFEDAFA2}.Debug|x86.ActiveCfg = Debug|Win32
		{A6A23763-C6D8-440B-BBAF-DFDCAFEDAFA2}.Debug|x86.Build.0 = Debug|Win32
		{A6A23763-C6D8-440B-BBAF-DFDCAFEDAFA2}.Release|x64.ActiveCfg = Release|x64
		{A6A23763-C6D8-440B-BBAF-DFDCAFEDAFA2}.Release|x64.Build.0 = Release|x64
		{A6A23763-C6D8-440B-BBAF-DFDCAFEDAFA2}.Release|x86.ActiveCfg = Release|Win32
		{A6A23763-C6D8-440B-BBAF-DFDCAFEDAFA2}.Release|x86.Build.0 = Release|Win32
		{099133C1-390D-43B4-B929-6D20AD0EB7DC}.Debug|x64.ActiveCfg = Debug|x64
		{099133C1-390D-43B4-B929-6D20AD0EB7DC}.Debug|x64.Build.0 = Debug|x64
		{099133C1-390D-43B4-B929-6D20AD0EB7DC}.Debug|x86.ActiveCfg = Debug|Win32
		{099133C1-390D-43B4-B929-6D20AD0EB7DC}.Debug|x86.Build.0 = Debug|Win32
		{099133C1-390D-43B4-B929-6D20AD0EB7DC}.Release|x64.ActiveCfg = Release|x64
		{099133C1-390D-43B4-B929-6D20AD0EB7DC}.Release|x64.Build.0 = Release|x64
		{099133C1-390D-43B4-B929-6D20AD0EB7DC}.Release|x86.ActiveCfg = Release|Win32
		{099133C1-390D-43B4-B929-6D20AD0EB7DC}.Release|x86.Build.0 = Release|Win32
		{0DE8BC25-11B0-46F8-94CE-C9E6A742E6C4}.Debug|x64.ActiveCfg = Debug|x64
		{0DE8BC25-11B0-46F8-94CE-C9E6A742E6C4}.Debug|x64.Build.0 = Debug|x64
		{0DE8BC25-11B0-46F8-94CE-C9E6A742E6C4}.Debug|x86.ActiveCfg = Debug|Win32
		{0DE8BC25-11B0-46F8-94CE-C9E6A742E6C4}.Debug|x86.Build.0 = Debug|Win32
		{0DE8BC25-11B0-46F8-94CE-C9E6A742E6C4}.Release|x64.ActiveCfg = Release|x64
		{0DE8BC25-11B0-46F8-94CE-C9E6A742E6C4}.Release|x64.Build.0 = Release|x64
		{0DE8BC25-11B0-46F8-94CE-C9E6A742E6C4}.Release|x86.ActiveCfg = Release|Win32
		{0DE8BC25-11B0-46F8-94CE-C9E6A742E6C4}.Release|x86.Build.0 = Release|Win32
		{B0A9E22A-75BA-421A-A608-741509497615}.Debug|x64.ActiveCfg = Debug|x64
		{B0A9E22A-75BA-421A-A608-741509497615}.Debug|x64.Build.0 = Debug|x64
		{B0A9E22A-75BA-421A-A608-741509497615}.Debug|x86.ActiveCfg = Debug|Win32
		{B0A9E22A-75BA-421A-A608-741509497615}.Debug|x86.Build.0 = Debug|Win32
		{B0A9E22A-75BA-421A-A608-741509497615}.Release|x64.ActiveCfg = Release|x64
		{B0A9E22A-75BA-421A-A608-741509497615}.Release|x64.Build.0 = Release|x64
		{B0A9E22A-75BA-421A-A608-741509497615}.Release|x86.ActiveCfg = Release|Win32
		{B0A9E22A-75BA-421A-A608-741509497615}.Release|x86.Build.0 = Release|Win32
		{6D818B4F-DD40-4CF1-88BE-47483ACBE544}.Debug|x64.ActiveCfg = Debug|x64
		{6D818B4F-DD40-4CF1-88BE-47483ACBE544}.Debug|x64.Build.0 = Debug|x64
		{6D818B4F-DD40-4CF1-88BE-47483ACBE544}.Debug|x86.ActiveCfg = Debug|Win32
		{6D818B4F-DD40-4CF1-88BE-47483ACBE544}.Debug|x86.Build.0 = Debug|Win32
		{6D818B4F-DD40-4CF1-88BE-47483ACBE544}.Release|x64.ActiveCfg = Release|x64
		{6D818B4F-DD40-4CF1-88BE-47483ACBE544}.Release|x64.Build.0 = Release|x64
		{6D818B4F-DD40-4CF1-88BE-47483ACBE544}.Release|x86.ActiveCfg = Release|Win32
		{6D818B4F-DD40-4CF1-88BE-47483ACBE544}.Release|x86.Build.0 = Release|Win32
		{DA860B25-00F8-48C5-BCDF-6B3BF70E078E}.Debug|x64.ActiveCfg = Debug|x64
		{DA860B25-00F8-48C5-BCDF-6B3BF70E078E}.Debug|x64.Build.0 = Debug|x64
		{DA860B25-00F8-48C5-BCDF-6B3BF70E078E}.Debug|x86.ActiveCfg = Debug|Win32
		{DA860B25-00F8-48C5-BCDF-6B3BF70E078E}.Debug|x86.Build.0 = Debug|Win32
		{DA860B25-00F8-48C5-BCDF-6B3BF70E078E}.Release|x64.ActiveCfg = Release|x64
		{DA860B25-00F8-48C5-BCDF-6B3BF70E078E}.Release|x64.Build.0 = Release|x64
		{DA860B25-00F8-48C5-BCDF-6B3BF70E078E}.Release|x86.ActiveCfg = Release|Win32
		{DA860B25-00F8-48C5-BCDF-6B3BF70E078E}.Release|x86.Build.0 = Release|Win32
		{F2F71F25-A2E0-4BE5-B259-B29735F054AA}.Debug|x64.ActiveCfg = Debug|x64
		{F2F71F25-A2E0-4BE5-B259-B29735F054AA}.Debug|x64.Build.0 = Debug|x64
		{F2F71F25-A2E0-4BE5-B259-B29735F054AA}.Debug|x86.ActiveCfg = Debug|Win32
		{F2F71F25-A2E0-4BE5-B259-B29735F054AA}.Debug|x86.Build.0 = Debug|Win32
		{F2F71F25-A2E0-4BE5-B259-B29735F054AA}.Release|x64.ActiveCfg = Release|x64
		{F2F71F25-A2E0-4BE5-B259-B29735F054AA}.Release|x64.Build.0 = Release|x64
		{F2F71F25-A2E0-4BE5-B259-B29735F054AA}.Release|x86.ActiveCfg = Release|Win32
		{F2F71F25-A2E0-4BE5-B259-B29735F054AA}.Release|x86.Build.0 = Release|Win32
		{DE80D8F1-FB98-4F04-A96B-60BCD384300A}.Debug|x64.ActiveCfg = Debug|x64
		{DE80D8F1-FB98-4F04-A96B-60BCD384300A}.Debug|x64.Build.0 = Debug|x64
		{DE80D8F1-FB98-4F04-A96B-60BCD384300A}.Debug|x86.ActiveCfg = Debug|Win32
		{DE80D8F1-FB98-4F04-A96B-60BCD384300A}.Debug|x86.Build.0 = Debug|Win32
		{DE80D8F1-FB98-4F04-A96B-60BCD384300A}.Release|x64.ActiveCfg = Release|x64
		{DE80D8F1-FB98-4F04-A96B-60BCD384300A}.Release|x64.Build.0 = Release|x64
		{DE80D8F1-FB98-4F04-A96B-60BCD384300A}.Release|x86.ActiveCfg = Release|Win32
		{DE80D8F1-FB98-4F04-A96B-60BCD384300A}.Release|x86.Build.0 = Release|Win32
		{DB3D571E-D85C-40DB-A7FC-B1C8E5C884C9}.Debug|x64.ActiveCfg = Debug|x64
		{DB3D571E-D85C-40DB-A7FC-B1C8E5C884C9}.Debug|x64.Build.0 = Debug|x64
		{DB3D571E-D85C-40DB-A7FC-B1C8E5C884C9}.Debug|x86.ActiveCfg = Debug|Win32
		{DB3D571E-D85C-40DB-A7FC-B1C8E5C884C9}.Debug|x86.Build.0 = Debug|Win32
		{DB3D571E-D85C-40DB-A7FC-B1C8E5C884C9}.Release|x64.ActiveCfg = Release|x64
		{DB3D571E-D85C-40DB-A7FC-B1C8E5C884C9}.Release|x64.Build.0 = Release|x64
		{DB3D571E-D85C-40DB-A7FC-B1C8E5C884C9}.Release|x86.ActiveCfg = Release|Win32
		{DB3D571E-D85C-40DB-A7FC-B1C8E5C884C9}.Release|x86.Build.0 = Release|Win32
		{0E0BB407-C196-424E-9414-160A8F28EB48}.Debug|x64.ActiveCfg = Debug|x64
		{0E0BB407-C196-424E-9414-160A8F28EB48}.Debug|x64.Build.0 = Debug|x64
		{0E0BB407-C196-424E-9414-160A8F28EB48}.Debug|x86.ActiveCfg = Debug|Win32
		{0E0BB407-C196-424E-9414-160A8F28EB48}.Debug|x86.Build.0 = Debug|Win32
		{0E0BB407-C196-424E-9414-160A8F28EB48}.Release|x64.ActiveCfg = Release|x64
		{0E0BB407-C196-424E-9414-160A8F28EB48}.Release|x64.Build.0 = Release|x64
		{0E0BB407-C196-424E-9414-160A8F28EB48}.Release|x86.ActiveCfg = Release|Win32
		{0E0BB407-C196-424E-9414-160A8F28EB48}.Release|x86.Build.0 = Release|Win32
		{CE7642FD-2671-4037-83F5-C0ABD4F97FF5}.Debug|x64.ActiveCfg = Debug|x64
		{CE7642FD-2671-4037-83F5-C0ABD4F97FF5}.Debug|x64.Build.0 = Debug|x64
		{CE7642FD-2671-4037-83F5-C0ABD4F97FF5}.Debug|x86.ActiveCfg = Debug|Win32
		{CE7642FD-2671-4037-83F5-C0ABD4F97FF5}.Debug|x86.Build.0 = Debug|Win32
		{CE7642FD-2671-4037-83F5-C0ABD4F97FF5}.Release|x64.ActiveCfg = Release|x64
		{CE7642FD-2671-4037-83F5-C0ABD4F97FF5}.Release|x64.Build.0 = Release|x64
		{CE7642FD-2671-4037-83F5-C0ABD4F97FF5}.Release|x86.ActiveCfg = Release|Win32
		{CE7642FD-2671-4037-83F5-C0ABD4F97FF5}.Release|x86.Build.0 = Release|Win32
		{1238673F-710F-4445-B287-E51EBD6D5EDD}.Debug|x64.ActiveCfg = Debug|x64
		{1238673F-710F-4445-B287-E51EBD6D5EDD}.Debug|x64.Build.0 = Debug|x64
		{1238673F-710F-4445-B287-E51EBD6D5EDD}.Debug|x86.ActiveCfg = Debug|Win32
		{1238673F-710F-4445-B287-E51EBD6D5EDD}.Debug|x86.Build.0 = Debug|Win32
		{1238673F-710F-4445-B287-E51EBD6D5EDD}.Release|x64.ActiveCfg = Release|x64
		{1238673F-710F-4445-B287-E51EBD6D5EDD}.Release|x64.Build.0 = Release|x64
		{1238673F-710F-4445-B287-E51EBD6D5EDD}.Release|x86.ActiveCfg = Release|Win32
		{1238673F-710F-4445-B287-E51EBD6D5EDD}.Release|x86.Build.0 = Release|Win32
		{A267DB75-870F-4719-8C2A-EE6ED4A11CBE}.Debug|x64.ActiveCfg = Debug|x64
		{A267DB75-870F-4719-8C2A-EE6ED4A11CBE}.Debug|x64.Build.0 = Debug|x64
		{A267DB75-870F-4719-8C2A-EE6ED4A11CBE}.Debug|x86.ActiveCfg = Debug|Win32
		{A267DB75-870F-4719-8C2A-EE6ED4A11CBE}.Debug|x86.Build.0 = Debug|Win32
		{A267DB75-870F-4719-8C2A-EE6ED4A11CBE}.Release|x64.ActiveCfg = Release|x64
		{A267DB75-870F-4719-8C2A-EE6ED4A11CBE}.Release|x64.Build.0 = Release|x64
		{A267DB75-870F-4719-8C2A-EE6ED4A11CBE}.Release|x86.ActiveCfg = Release|Win32
		{A267DB75-870F-4719-8C2A-EE6ED4A11CBE}.Release|x86.Build.0 = Release|Win32
		{D52DFF0C-52CE-46DC-A824-DF251099535C}.Debug|x64.ActiveCfg = Debug|x64
		{D52DFF0C-52CE-46DC-A824-DF251099535C}.Debug|x64.Build.0 = Debug|x64
		{D52DFF0C-52CE-46DC-A824-DF251099535C}.Debug|x86.ActiveCfg = Debug|Win32
		{D52DFF0C-52CE-46DC-A824-DF251099535C}.Debug|x86.Build.0 = Debug|Win32
		{D52DFF0C-52CE-46DC-A824-DF251099535C}.Release|x64.ActiveCfg = Release|x64
		{D52DFF0C-52CE-46DC-A824-DF251099535C}.Release|x64.Build.0 = Release|x64
		{D52DFF0C-52CE-46DC-A824-DF251099535C}.Release|x86.ActiveCfg = Release|Win32
		{D52DFF0C-52CE-46DC-A824-DF251099535C}.Release|x86.Build.0 = Release|Win32
		{FC87DE46-EB33-4514-833B-04360B51F5E3}.Debug|x64.ActiveCfg = Debug|x64
		{FC87DE46-EB33-4514-833B-04360B51F5E3}.Debug|x64.Build.0 = Debug|x64
		{FC87DE46-EB33-4514-833B-04360B51F5E3}.Debug|x86.ActiveCfg = Debug|Win32
		{FC87DE46-EB33-4514-833B-04360B51F5E3}.Debug|x86.Build.0 = Debug|Win32
		{FC87DE46-EB33-4514-833B-04360B51F5E3}.Release|x64.ActiveCfg = Release|x64
		{FC87DE46-EB33-4514-833B-04360B51F5E3}.Release|x64.Build.0 = Release|x64
		{FC87DE46-EB33-4514-833B-04360B51F5E3}.Release|x86.ActiveCfg = Release|Win32
		{FC87DE46-EB33-4514-833B-04360B51F5E3}.Release|x86.Build.0 = Release|Win32
		{5135750F-29F3-4815-91A9-D79498912993}.Debug|x64.ActiveCfg = Debug|x64
		{5135750F-29F3-4815-91A9-D79498912993}.Debug|x64.Build.0 = Debug|x64
		{5135750F-29F3-4815-91A9-D79498912993}.Debug|x86.ActiveCfg = Debug|Win32
		{5135750F-29F3-4815-91A9-D79498912993}.Debug|x86.Build.0 = Debug|Win32
		{5135750F-29F3-4815-91A9-D79498912993}.Release|x64.ActiveCfg = Release|x64
		{5135750F-29F3-4815-91A9-D79498912993}.Release|x64.Build.0 = Release|x64
		{5135750F-29F3-4815-91A9-D79498912993}.Release|x86.ActiveCfg = Release|Win32
		{5135750F-29F3-4815-91A9-D79498912993}.Release|x86.Build.0 = Release|Win32
		{730E3459-818B-435F-9B4C-EC6A8BC46A96}.Debug|x64.ActiveCfg = Debug|x64
		{730E3459-818B-435F-9B4C-EC6A8BC46A96}.Debug|x64.Build.0 = Debug|x64
		{730E3459-818B-435F-9B4C-EC6A8BC46A96}.Debug|x86.ActiveCfg = Debug|Win32
		{730E3459-818B-435F-9B4C-EC6A8BC46A96}.Debug|x86.Build.0 = Debug|Win32
		{730E3459-818B-435F-9B4C-EC6A8BC46A96}.Release|x64.ActiveCfg = Release|x64
		{730E3459-818B-435F-9B4C-EC6A8BC46A96}.Release|x64.Build.0 = Release|x64
		{730E3459-818B-435F-9B4C-EC6A8BC46A96}.Release|x86.ActiveCfg = Release|Win32
		{730E3459-818B-435F-9B4C-EC6A8BC46A96}.Release|x86.Build.0 = Release|Win32
		{6165D4FF-07FE-4510-9CD5-E452A346845D}.Debug|x64.ActiveCfg = Debug|x64
		{6165D4FF-07FE-4510-9CD5-E452A346845D}.Debug|x64.Build.0 = Debug|x64
		{6165D4FF-07FE-4510-9CD5-E452A346845D}.Debug|x86.ActiveCfg = Debug|Win32
		{6165D4FF-07FE-4510-9CD5-E452A346845D}.Debug|x86.Build.0 = Debug|Win32
		{6165D4FF-07FE-4510-9CD5-E452A346845D}.Release|x64.ActiveCfg = Release|x64
		{6165D4FF-07FE-4510-9CD5-E452A346845D}.Release|x64.Build.0 = Release|x64
		{6165D4FF-07FE-4510-9CD5-E452A346845D}.Release|x86.ActiveCfg = Release|Win32
		{6165D4FF-07FE-4510-9CD5-E452A346845D}.Release|x86.Build.0 = Release|Win32
		{B4BE3E3D-9C6D-4D03-AC85-BE28AE65D482}.Debug|x64.ActiveCfg = Debug|x64
		{B4BE3E3D-9C6D-4D03-AC85-BE28AE65D482}.Debug|x64.Build.0 = Debug|x64
		{B4BE3E3D-9C6D-4D03-AC85-BE28AE65D482}.Debug|x86.ActiveCfg = Debug|Win32
		{B4BE3E3D-9C6D-4D03-AC85-BE28AE65D482}.Debug|x86.Build.0 = Debug|Win32
		{B4BE3E3D-9C6D-4D03-AC85-BE28AE65D482}.Release|x64.ActiveCfg = Release|x64
		{B4BE3E3D-9C6D-4D03-AC85-BE28AE65D482}.Release|x64.Build.0 = Release|x64
		{B4BE3E3D-9C6D-4D03-AC85-BE28AE65D482}.Release|x86.ActiveCfg = Release|Win32
		{B4BE3E3D-9C6D-4D03-AC85-BE28AE65D482}.Release|x86.Build.0 = Release|Win32
		{F2DCD469-D16C-40A6-AFCA-3DDB8A93D7FD}.Debug|x64.ActiveCfg = Debug|x64
		{F2DCD469-D16C-40A6-AFCA-3DDB8A93D7FD}.Debug|x64.Build.0 = Debug|x64
		{F2DCD469-D16C-40A6-AFCA-3DDB8A93D7FD}.Debug|x86.ActiveCfg = Debug|Win32
		{F2DCD469-D16C-40A6-AFCA-3DDB8A93D7FD}.Debug|x86.Build.0 = Debug|Win32
		{F2DCD469-D16C-40A6-AFCA-3DDB8A93D7FD}.Release|x64.ActiveCfg = Release|x64
		{F2DCD469-D16C-40A6-AFCA-3DDB8A93D7FD}.Release|x64.Build.0 = Release|x64
		{F2DCD469-D16C-40A6-AFCA-3DDB8A93D7FD}.Release|x86.ActiveCfg = Release|Win32
		{F2DCD469-D16C-40A6-AFCA-3DDB8A93D7FD}.Release|x86.Build.0 = Release|Win32
		{E0D23332-227F-4E12-A431-1708FC18133F}.Debug|x64.ActiveCfg = Debug|x64
		{E0D23332-227F-4E12-A431-1708FC18133F}.Debug|x64.Build.0 = Debug|x64
		{E0D23332-227F-4E12-A431-1708FC18133F}.Debug|x86.ActiveCfg = Debug|Win32
		{E0D23332-227F-4E12-A431-1708FC18133F}.Debug|x86.Build.0 = Debug|Win32
		{E0D23332-227F-4E12-A431-1708FC18133F}.Release|x64.ActiveCfg = Release|x64
		{E0D23332-227F-4E12-A431-1708FC18133F}.Release|x64.Build.0 = Release|x64
		{E0D23332-227F-4E12-A431-1708FC18133F}.Release|x86.ActiveCfg = Release|Win32
		{E0D23332-227F-4E12-A431-1708FC18133F}.Release|x86.Build.0 = Release|Win32
		{F36E3193-B877-4D27-A556-765669267828}.Debug|x64.ActiveCfg = Debug|x64
		{F36E3193-B877-4D27-A556-765669267828}.Debug|x64.Build.0 = Debug|x64
		{F36E3193-B877-4D27-A556-765669267828}.Debug|x86.ActiveCfg = Debug|Win32
		{F36E3193-B877-4D27-A556-765669267828}.Debug|x86.Build.0 = Debug|Win32
		{F36E3193-B877-4D27-A556-765669267828}.Release|x64.ActiveCfg = Release|x64
		{F36E3193-B877-4D27-A556-765669267828}.Release|x64.Build.0 = Release|x64
		{F36E3193-B877-4D27-A556-765669267828}.Release|x86.ActiveCfg = Release|Win32
		{F36E3193-B877-4D27-A556-765669267828}.Release|x86.Build.0 = Release|Win32
		{8165ABD2-0502-4AA7-85A2-61D790D1DAEC}.Debug|x64.ActiveCfg = Debug|x64
		{8165ABD2-0502-4AA7-85A2-61D790D1DAEC}.Debug|x64.Build.0 = Debug|x64
		{8165ABD2-0502-4AA7-85A2-61D790D1DAEC}.Debug|x86.ActiveCfg = Debug|Win32
		{8165ABD2-0502-4AA7-85A2-61D790D1DAEC}.Debug|x86.Build.0 = Debug|Win32
		{8165ABD2-0502-4AA7-85A2-61D790D1DAEC}.Release|x64.ActiveCfg = Release|x64
		{8165ABD2-0502-4AA7-85A2-61D790D1DAEC}.Release|x64.Build.0 = Release|x64
		{8165ABD2-0502-4AA7-85A2-61D790D1DAEC}.Release|x86.ActiveCfg = Release|Win32
		{8165ABD2-0502-4AA7-85A2-61D790D1DAEC}.Release|x86.Build.0 = Release|Win32
		{23E29284-8548-4536-80F0-57E5CD665E07}.Debug|x64.ActiveCfg = Debug|x64
		{23E29284-8548-4536-80F0-57E5CD665E07}.Debug|x64.Build.0 = Debug|x64
		{23E29284-8548-4536-80F0-57E5CD665E07}.Debug|x86.ActiveCfg = Debug|Win32
		{23E29284-8548-4536-80F0-57E5CD665E07}.Debug|x86.Build.0 = Debug|Win32
		{23E29284-8548-4536-80F0-57E5CD665E07}.Release|x64.ActiveCfg = Release|x64
		{23E29284-8548-4536-80F0-57E5CD665E07}.Release|x64.Build.0 = Release|x64
		{23E29284-8548-4536-80F0-57E5CD665E07}.Release|x86.ActiveCfg = Release|Win32
		{23E29284-8548-4536-80F0-57E5CD665E07}.Release|x86.Build.0 = Release|Win32
		{F62AD806-AF7D-47D1-A460-5E54DEDCF3D3}.Debug|x64.ActiveCfg = Debug|x64
		{F62AD806-AF7D-47D1-A460-5E54DEDCF3D3}.Debug|x64.Build.0 = Debug|x64
		{F62AD806-AF7D-47D1-A460-5E54DEDCF3D3}.Debug|x86.ActiveCfg = Debug|Win32
		{F62AD806-AF7D-47D1-A460-5E54DEDCF3D3}.Debug|x86.Build.0 = Debug|Win32
		{F62AD806-AF7D-47D1-A460-5E54DEDCF3D3}.Release|x64.ActiveCfg = Release|x64
		{F62AD806-AF7D-47D1-A460-5E54DEDCF3D3}.Release|x64.Build.0 = Release|x64
		{F62AD806-AF7D-47D1-A460-5E54DEDCF3D3}.Release|x86.ActiveCfg = Release|Win32
		{F62AD806-AF7D-47D1-A460-5E54DEDCF3D3}.Release|x86.Build.0 = Release|Win32
		{6E7A7BA7-B4C0-40EA-AAF2-7C65D81085D1}.Debug|x64.ActiveCfg = Debug|x64
		{6E7A7BA7-B4C0-40EA-AAF2-7C65D81085D1}.Debug|x64.Build.0 = Debug|x64
		{6E7A7BA7-B4C0-40EA-AAF2-7C65D81085D1}.Debug|x86.ActiveCfg = Debug|Win32
		{6E7A7BA7-B4C0-40EA-AAF2-7C65D81085D1}.Debug|x86.Build.0 = Debug|Win32
		{6E7A7BA7-B4C0-40EA-AAF2-7C65D81085D1}.Release|x64.ActiveCfg = Release|x64
		{6E7A7BA7-B4C0-40EA-AAF2-7C65D81085D1}.Release|x64.Build.0 = Release|x64
		{6E7A7BA7-B4C0-40EA-AAF2-7C65D81085D1}.Release|x86.ActiveCfg = Release|Win32
		{6E7A7BA7-B4C0-40EA-AAF2-7C65D81085D1}.Release|x86.Build.0 = Release|Win32
		{2D12ABF5-E6C2-46ED-9575-B4F7A2441539}.Debug|x64.ActiveCfg = Debug|x64
		{2D12ABF5-E6C2-46ED-9575-B4F7A2441539}.Debug|x64.Build.0 = Debug|x64
		{2D12ABF5-E6C2-46ED-9575-B4F7A2441539}.Debug|x86.ActiveCfg = Debug|Win32
		{2D12ABF5-E6C2-46ED-9575-B4F7A2441539}.Debug|x86.Build.0 = Debug|Win32
		{2D12ABF5-E6C2-46ED-9575-B4F7A2441539}.Release|x64.ActiveCfg = Release|x64
		{2D12ABF5-E6C2-46ED-9575-B4F7A2441539}.Release|x64.Build.0 = Release|x64
		{2D12ABF5-E6C2-46ED-9575-B4F7A2441539}.Release|x86.ActiveCfg = Release|Win32
		{2D12ABF5-E6C2-46ED-9575-B4F7A2441539}.Release|x86.Build.0 = Release|Win32
		{B54D3544-6922-4C61-915B-5EF1A3CA793A}.Debug|x64.ActiveCfg = Debug|x64
		{B54D3544-6922-4C61-915B-5EF1A3CA793A}.Debug|x64.Build.0 = Debug|x64
		{B54D3544-6922-4C61-915B-5EF1A3CA793A}.Debug|x86.ActiveCfg = Debug|Win32
		{B54D3544-6922-4C61-915B-5EF1A3CA793A}.Debug|x86.Build.0 = Debug|Win32
		{B54D3544-6922-4C61-915B-5EF1A3CA793A}.Release|x64.ActiveCfg = Release|x64
		{B54D3544-6922-4C61-915B-5EF1A3CA793A}.Release|x64.Build.0 = Release|x64
		{B54D3544-6922-4C61-915B-5EF1A3CA793A}.Release|x86.ActiveCfg = Release|Win32
		{B54D3544-6922-4C61-915B-5EF1A3CA793A}.Release|x86.Build.0 = Release|Win32
	EndGlobalSection
	GlobalSection(SolutionProperties) = preSolution
		HideSolutionNode = FALSE
	EndGlobalSection
	GlobalSection(ExtensibilityGlobals) = postSolution
		SolutionGuid = {43A4255A-47FE-4611-966F-395814B82C90}
	EndGlobalSection
EndGlobal
