
Microsoft Visual Studio Solution File, Format Version 12.00
# Visual Studio Version 16
VisualStudioVersion = 16.0.28803.202
MinimumVisualStudioVersion = 10.0.40219.1
Project("{8BC9CEB8-8B4A-11D0-8D11-00A0C91BC942}") = "_001_Two_Sum", "_001_Two_Sum\_001_Two_Sum.vcxproj", "{82F0CC3A-050C-44F0-A21A-62AFBAF3C12A}"
EndProject
Project("{8BC9CEB8-8B4A-11D0-8D11-00A0C91BC942}") = "_007_Reverse_Integer", "_007_Reverse_Integer\_007_Reverse_Integer.vcxproj", "{646129A3-6640-4163-B61B-1A3C03A7E932}"
EndProject
Project("{8BC9CEB8-8B4A-11D0-8D11-00A0C91BC942}") = "_009_Palindrome_Number", "_009_Palindrome_Number\_009_Palindrome_Number.vcxproj", "{139FD685-CAA1-4B57-BABD-616EADC80B1D}"
EndProject
Project("{8BC9CEB8-8B4A-11D0-8D11-00A0C91BC942}") = "_013_Roman_To_Integer", "_013_Roman_To_Integer\_013_Roman_To_Integer.vcxproj", "{09F30F20-E9E6-4352-AA9F-9DC3BBEF16A1}"
EndProject
Project("{8BC9CEB8-8B4A-11D0-8D11-00A0C91BC942}") = "_014_Longest_Common_Prefix", "_014_Longest_Common_Prefix\_014_Longest_Common_Prefix.vcxproj", "{16DDCFC7-D37F-4A3B-BDF3-1EC26D9CCD50}"
EndProject
Project("{8BC9CEB8-8B4A-11D0-8D11-00A0C91BC942}") = "_020_Valid_Parentheses", "_020_Valid_Parentheses\_020_Valid_Parentheses.vcxproj", "{E480D7AD-07BD-4C19-8617-BD7B0FCB5EAB}"
EndProject
Project("{8BC9CEB8-8B4A-11D0-8D11-00A0C91BC942}") = "_021_Merge_Two_Sorted_Lists", "_021_Merge_Two_Sorted_Lists\_021_Merge_Two_Sorted_Lists.vcxproj", "{B5969C24-0123-49E5-8F3D-53B2F713AC1D}"
EndProject
Project("{8BC9CEB8-8B4A-11D0-8D11-00A0C91BC942}") = "_026_Remove_Duplicates_From_Sorted_Array", "_026_Remove_Duplicates_From_Sorted_Array\_026_Remove_Duplicates_From_Sorted_Array.vcxproj", "{129F48F5-673B-4726-A858-C81B0532EF07}"
EndProject
Project("{8BC9CEB8-8B4A-11D0-8D11-00A0C91BC942}") = "_027_Remove_Element", "_027_Remove_Element\_027_Remove_Element.vcxproj", "{114CC8AF-C4AC-4A3C-BFF0-639B36C6D9E2}"
EndProject
Project("{8BC9CEB8-8B4A-11D0-8D11-00A0C91BC942}") = "_028_Implement_strStr", "_028_Implement_strStr\_028_Implement_strStr.vcxproj", "{1DEDB645-2165-4287-BFEF-B8BE0E99B5EA}"
EndProject
Project("{8BC9CEB8-8B4A-11D0-8D11-00A0C91BC942}") = "_035_Search_Insert_Position", "_035_Search_Insert_Position\_035_Search_Insert_Position.vcxproj", "{94691247-9241-4A54-B374-EE4390A196D6}"
EndProject
Project("{8BC9CEB8-8B4A-11D0-8D11-00A0C91BC942}") = "_038_Count_And_Say", "_038_Count_And_Say\_038_Count_And_Say.vcxproj", "{DED891EE-F2FC-497D-9C4C-5C88B12935ED}"
EndProject
Project("{8BC9CEB8-8B4A-11D0-8D11-00A0C91BC942}") = "_053_Maximum_Subarray", "_053_Maximum_Subarray\_053_Maximum_Subarray.vcxproj", "{3D58E6E2-203A-43F8-98E2-AC580AE56D96}"
EndProject
Project("{8BC9CEB8-8B4A-11D0-8D11-00A0C91BC942}") = "_058_Length_Of_Last_Word", "_058_Length_Of_Last_Word\_058_Length_Of_Last_Word.vcxproj", "{795168FF-03C5-41CF-ADE7-01B054E9394D}"
EndProject
Project("{8BC9CEB8-8B4A-11D0-8D11-00A0C91BC942}") = "_066_Plus_One", "_066_Plus_One\_066_Plus_One.vcxproj", "{9DBC5990-92B7-478E-BD1D-B56E666DCE70}"
EndProject
Global
	GlobalSection(SolutionConfigurationPlatforms) = preSolution
		Debug|x64 = Debug|x64
		Debug|x86 = Debug|x86
		Release|x64 = Release|x64
		Release|x86 = Release|x86
	EndGlobalSection
	GlobalSection(ProjectConfigurationPlatforms) = postSolution
		{82F0CC3A-050C-44F0-A21A-62AFBAF3C12A}.Debug|x64.ActiveCfg = Debug|x64
		{82F0CC3A-050C-44F0-A21A-62AFBAF3C12A}.Debug|x64.Build.0 = Debug|x64
		{82F0CC3A-050C-44F0-A21A-62AFBAF3C12A}.Debug|x86.ActiveCfg = Debug|Win32
		{82F0CC3A-050C-44F0-A21A-62AFBAF3C12A}.Debug|x86.Build.0 = Debug|Win32
		{82F0CC3A-050C-44F0-A21A-62AFBAF3C12A}.Release|x64.ActiveCfg = Release|x64
		{82F0CC3A-050C-44F0-A21A-62AFBAF3C12A}.Release|x64.Build.0 = Release|x64
		{82F0CC3A-050C-44F0-A21A-62AFBAF3C12A}.Release|x86.ActiveCfg = Release|Win32
		{82F0CC3A-050C-44F0-A21A-62AFBAF3C12A}.Release|x86.Build.0 = Release|Win32
		{646129A3-6640-4163-B61B-1A3C03A7E932}.Debug|x64.ActiveCfg = Debug|x64
		{646129A3-6640-4163-B61B-1A3C03A7E932}.Debug|x64.Build.0 = Debug|x64
		{646129A3-6640-4163-B61B-1A3C03A7E932}.Debug|x86.ActiveCfg = Debug|Win32
		{646129A3-6640-4163-B61B-1A3C03A7E932}.Debug|x86.Build.0 = Debug|Win32
		{646129A3-6640-4163-B61B-1A3C03A7E932}.Release|x64.ActiveCfg = Release|x64
		{646129A3-6640-4163-B61B-1A3C03A7E932}.Release|x64.Build.0 = Release|x64
		{646129A3-6640-4163-B61B-1A3C03A7E932}.Release|x86.ActiveCfg = Release|Win32
		{646129A3-6640-4163-B61B-1A3C03A7E932}.Release|x86.Build.0 = Release|Win32
		{139FD685-CAA1-4B57-BABD-616EADC80B1D}.Debug|x64.ActiveCfg = Debug|x64
		{139FD685-CAA1-4B57-BABD-616EADC80B1D}.Debug|x64.Build.0 = Debug|x64
		{139FD685-CAA1-4B57-BABD-616EADC80B1D}.Debug|x86.ActiveCfg = Debug|Win32
		{139FD685-CAA1-4B57-BABD-616EADC80B1D}.Debug|x86.Build.0 = Debug|Win32
		{139FD685-CAA1-4B57-BABD-616EADC80B1D}.Release|x64.ActiveCfg = Release|x64
		{139FD685-CAA1-4B57-BABD-616EADC80B1D}.Release|x64.Build.0 = Release|x64
		{139FD685-CAA1-4B57-BABD-616EADC80B1D}.Release|x86.ActiveCfg = Release|Win32
		{139FD685-CAA1-4B57-BABD-616EADC80B1D}.Release|x86.Build.0 = Release|Win32
		{09F30F20-E9E6-4352-AA9F-9DC3BBEF16A1}.Debug|x64.ActiveCfg = Debug|x64
		{09F30F20-E9E6-4352-AA9F-9DC3BBEF16A1}.Debug|x64.Build.0 = Debug|x64
		{09F30F20-E9E6-4352-AA9F-9DC3BBEF16A1}.Debug|x86.ActiveCfg = Debug|Win32
		{09F30F20-E9E6-4352-AA9F-9DC3BBEF16A1}.Debug|x86.Build.0 = Debug|Win32
		{09F30F20-E9E6-4352-AA9F-9DC3BBEF16A1}.Release|x64.ActiveCfg = Release|x64
		{09F30F20-E9E6-4352-AA9F-9DC3BBEF16A1}.Release|x64.Build.0 = Release|x64
		{09F30F20-E9E6-4352-AA9F-9DC3BBEF16A1}.Release|x86.ActiveCfg = Release|Win32
		{09F30F20-E9E6-4352-AA9F-9DC3BBEF16A1}.Release|x86.Build.0 = Release|Win32
		{16DDCFC7-D37F-4A3B-BDF3-1EC26D9CCD50}.Debug|x64.ActiveCfg = Debug|x64
		{16DDCFC7-D37F-4A3B-BDF3-1EC26D9CCD50}.Debug|x64.Build.0 = Debug|x64
		{16DDCFC7-D37F-4A3B-BDF3-1EC26D9CCD50}.Debug|x86.ActiveCfg = Debug|Win32
		{16DDCFC7-D37F-4A3B-BDF3-1EC26D9CCD50}.Debug|x86.Build.0 = Debug|Win32
		{16DDCFC7-D37F-4A3B-BDF3-1EC26D9CCD50}.Release|x64.ActiveCfg = Release|x64
		{16DDCFC7-D37F-4A3B-BDF3-1EC26D9CCD50}.Release|x64.Build.0 = Release|x64
		{16DDCFC7-D37F-4A3B-BDF3-1EC26D9CCD50}.Release|x86.ActiveCfg = Release|Win32
		{16DDCFC7-D37F-4A3B-BDF3-1EC26D9CCD50}.Release|x86.Build.0 = Release|Win32
		{E480D7AD-07BD-4C19-8617-BD7B0FCB5EAB}.Debug|x64.ActiveCfg = Debug|x64
		{E480D7AD-07BD-4C19-8617-BD7B0FCB5EAB}.Debug|x64.Build.0 = Debug|x64
		{E480D7AD-07BD-4C19-8617-BD7B0FCB5EAB}.Debug|x86.ActiveCfg = Debug|Win32
		{E480D7AD-07BD-4C19-8617-BD7B0FCB5EAB}.Debug|x86.Build.0 = Debug|Win32
		{E480D7AD-07BD-4C19-8617-BD7B0FCB5EAB}.Release|x64.ActiveCfg = Release|x64
		{E480D7AD-07BD-4C19-8617-BD7B0FCB5EAB}.Release|x64.Build.0 = Release|x64
		{E480D7AD-07BD-4C19-8617-BD7B0FCB5EAB}.Release|x86.ActiveCfg = Release|Win32
		{E480D7AD-07BD-4C19-8617-BD7B0FCB5EAB}.Release|x86.Build.0 = Release|Win32
		{B5969C24-0123-49E5-8F3D-53B2F713AC1D}.Debug|x64.ActiveCfg = Debug|x64
		{B5969C24-0123-49E5-8F3D-53B2F713AC1D}.Debug|x64.Build.0 = Debug|x64
		{B5969C24-0123-49E5-8F3D-53B2F713AC1D}.Debug|x86.ActiveCfg = Debug|Win32
		{B5969C24-0123-49E5-8F3D-53B2F713AC1D}.Debug|x86.Build.0 = Debug|Win32
		{B5969C24-0123-49E5-8F3D-53B2F713AC1D}.Release|x64.ActiveCfg = Release|x64
		{B5969C24-0123-49E5-8F3D-53B2F713AC1D}.Release|x64.Build.0 = Release|x64
		{B5969C24-0123-49E5-8F3D-53B2F713AC1D}.Release|x86.ActiveCfg = Release|Win32
		{B5969C24-0123-49E5-8F3D-53B2F713AC1D}.Release|x86.Build.0 = Release|Win32
		{129F48F5-673B-4726-A858-C81B0532EF07}.Debug|x64.ActiveCfg = Debug|x64
		{129F48F5-673B-4726-A858-C81B0532EF07}.Debug|x64.Build.0 = Debug|x64
		{129F48F5-673B-4726-A858-C81B0532EF07}.Debug|x86.ActiveCfg = Debug|Win32
		{129F48F5-673B-4726-A858-C81B0532EF07}.Debug|x86.Build.0 = Debug|Win32
		{129F48F5-673B-4726-A858-C81B0532EF07}.Release|x64.ActiveCfg = Release|x64
		{129F48F5-673B-4726-A858-C81B0532EF07}.Release|x64.Build.0 = Release|x64
		{129F48F5-673B-4726-A858-C81B0532EF07}.Release|x86.ActiveCfg = Release|Win32
		{129F48F5-673B-4726-A858-C81B0532EF07}.Release|x86.Build.0 = Release|Win32
		{114CC8AF-C4AC-4A3C-BFF0-639B36C6D9E2}.Debug|x64.ActiveCfg = Debug|x64
		{114CC8AF-C4AC-4A3C-BFF0-639B36C6D9E2}.Debug|x64.Build.0 = Debug|x64
		{114CC8AF-C4AC-4A3C-BFF0-639B36C6D9E2}.Debug|x86.ActiveCfg = Debug|Win32
		{114CC8AF-C4AC-4A3C-BFF0-639B36C6D9E2}.Debug|x86.Build.0 = Debug|Win32
		{114CC8AF-C4AC-4A3C-BFF0-639B36C6D9E2}.Release|x64.ActiveCfg = Release|x64
		{114CC8AF-C4AC-4A3C-BFF0-639B36C6D9E2}.Release|x64.Build.0 = Release|x64
		{114CC8AF-C4AC-4A3C-BFF0-639B36C6D9E2}.Release|x86.ActiveCfg = Release|Win32
		{114CC8AF-C4AC-4A3C-BFF0-639B36C6D9E2}.Release|x86.Build.0 = Release|Win32
		{1DEDB645-2165-4287-BFEF-B8BE0E99B5EA}.Debug|x64.ActiveCfg = Debug|x64
		{1DEDB645-2165-4287-BFEF-B8BE0E99B5EA}.Debug|x64.Build.0 = Debug|x64
		{1DEDB645-2165-4287-BFEF-B8BE0E99B5EA}.Debug|x86.ActiveCfg = Debug|Win32
		{1DEDB645-2165-4287-BFEF-B8BE0E99B5EA}.Debug|x86.Build.0 = Debug|Win32
		{1DEDB645-2165-4287-BFEF-B8BE0E99B5EA}.Release|x64.ActiveCfg = Release|x64
		{1DEDB645-2165-4287-BFEF-B8BE0E99B5EA}.Release|x64.Build.0 = Release|x64
		{1DEDB645-2165-4287-BFEF-B8BE0E99B5EA}.Release|x86.ActiveCfg = Release|Win32
		{1DEDB645-2165-4287-BFEF-B8BE0E99B5EA}.Release|x86.Build.0 = Release|Win32
		{94691247-9241-4A54-B374-EE4390A196D6}.Debug|x64.ActiveCfg = Debug|x64
		{94691247-9241-4A54-B374-EE4390A196D6}.Debug|x64.Build.0 = Debug|x64
		{94691247-9241-4A54-B374-EE4390A196D6}.Debug|x86.ActiveCfg = Debug|Win32
		{94691247-9241-4A54-B374-EE4390A196D6}.Debug|x86.Build.0 = Debug|Win32
		{94691247-9241-4A54-B374-EE4390A196D6}.Release|x64.ActiveCfg = Release|x64
		{94691247-9241-4A54-B374-EE4390A196D6}.Release|x64.Build.0 = Release|x64
		{94691247-9241-4A54-B374-EE4390A196D6}.Release|x86.ActiveCfg = Release|Win32
		{94691247-9241-4A54-B374-EE4390A196D6}.Release|x86.Build.0 = Release|Win32
		{DED891EE-F2FC-497D-9C4C-5C88B12935ED}.Debug|x64.ActiveCfg = Debug|x64
		{DED891EE-F2FC-497D-9C4C-5C88B12935ED}.Debug|x64.Build.0 = Debug|x64
		{DED891EE-F2FC-497D-9C4C-5C88B12935ED}.Debug|x86.ActiveCfg = Debug|Win32
		{DED891EE-F2FC-497D-9C4C-5C88B12935ED}.Debug|x86.Build.0 = Debug|Win32
		{DED891EE-F2FC-497D-9C4C-5C88B12935ED}.Release|x64.ActiveCfg = Release|x64
		{DED891EE-F2FC-497D-9C4C-5C88B12935ED}.Release|x64.Build.0 = Release|x64
		{DED891EE-F2FC-497D-9C4C-5C88B12935ED}.Release|x86.ActiveCfg = Release|Win32
		{DED891EE-F2FC-497D-9C4C-5C88B12935ED}.Release|x86.Build.0 = Release|Win32
		{3D58E6E2-203A-43F8-98E2-AC580AE56D96}.Debug|x64.ActiveCfg = Debug|x64
		{3D58E6E2-203A-43F8-98E2-AC580AE56D96}.Debug|x64.Build.0 = Debug|x64
		{3D58E6E2-203A-43F8-98E2-AC580AE56D96}.Debug|x86.ActiveCfg = Debug|Win32
		{3D58E6E2-203A-43F8-98E2-AC580AE56D96}.Debug|x86.Build.0 = Debug|Win32
		{3D58E6E2-203A-43F8-98E2-AC580AE56D96}.Release|x64.ActiveCfg = Release|x64
		{3D58E6E2-203A-43F8-98E2-AC580AE56D96}.Release|x64.Build.0 = Release|x64
		{3D58E6E2-203A-43F8-98E2-AC580AE56D96}.Release|x86.ActiveCfg = Release|Win32
		{3D58E6E2-203A-43F8-98E2-AC580AE56D96}.Release|x86.Build.0 = Release|Win32
		{795168FF-03C5-41CF-ADE7-01B054E9394D}.Debug|x64.ActiveCfg = Debug|x64
		{795168FF-03C5-41CF-ADE7-01B054E9394D}.Debug|x64.Build.0 = Debug|x64
		{795168FF-03C5-41CF-ADE7-01B054E9394D}.Debug|x86.ActiveCfg = Debug|Win32
		{795168FF-03C5-41CF-ADE7-01B054E9394D}.Debug|x86.Build.0 = Debug|Win32
		{795168FF-03C5-41CF-ADE7-01B054E9394D}.Release|x64.ActiveCfg = Release|x64
		{795168FF-03C5-41CF-ADE7-01B054E9394D}.Release|x64.Build.0 = Release|x64
		{795168FF-03C5-41CF-ADE7-01B054E9394D}.Release|x86.ActiveCfg = Release|Win32
		{795168FF-03C5-41CF-ADE7-01B054E9394D}.Release|x86.Build.0 = Release|Win32
		{9DBC5990-92B7-478E-BD1D-B56E666DCE70}.Debug|x64.ActiveCfg = Debug|x64
		{9DBC5990-92B7-478E-BD1D-B56E666DCE70}.Debug|x64.Build.0 = Debug|x64
		{9DBC5990-92B7-478E-BD1D-B56E666DCE70}.Debug|x86.ActiveCfg = Debug|Win32
		{9DBC5990-92B7-478E-BD1D-B56E666DCE70}.Debug|x86.Build.0 = Debug|Win32
		{9DBC5990-92B7-478E-BD1D-B56E666DCE70}.Release|x64.ActiveCfg = Release|x64
		{9DBC5990-92B7-478E-BD1D-B56E666DCE70}.Release|x64.Build.0 = Release|x64
		{9DBC5990-92B7-478E-BD1D-B56E666DCE70}.Release|x86.ActiveCfg = Release|Win32
		{9DBC5990-92B7-478E-BD1D-B56E666DCE70}.Release|x86.Build.0 = Release|Win32
	EndGlobalSection
	GlobalSection(SolutionProperties) = preSolution
		HideSolutionNode = FALSE
	EndGlobalSection
	GlobalSection(ExtensibilityGlobals) = postSolution
		SolutionGuid = {43A4255A-47FE-4611-966F-395814B82C90}
	EndGlobalSection
EndGlobal
